// !$*UTF8*$!
{
	archiveVersion = 1;
	classes = {
	};
	objectVersion = 60;
	objects = {

/* Begin PBXBuildFile section */
		100000000000000000000001 /* LiftRankApp.swift in Sources */ = {isa = PBXBuildFile; fileRef = 200000000000000000000001 /* LiftRankApp.swift */; };
		100000000000000000000002 /* Models/DomainModels.swift in Sources */ = {isa = PBXBuildFile; fileRef = 200000000000000000000002 /* Models/DomainModels.swift */; };
		100000000000000000000003 /* Utilities/RankingCalculator.swift in Sources */ = {isa = PBXBuildFile; fileRef = 200000000000000000000003 /* Utilities/RankingCalculator.swift */; };
		100000000000000000000004 /* MockData/MockData.swift in Sources */ = {isa = PBXBuildFile; fileRef = 200000000000000000000004 /* MockData/MockData.swift */; };
		100000000000000000000005 /* Services/ServiceProtocols.swift in Sources */ = {isa = PBXBuildFile; fileRef = 200000000000000000000005 /* Services/ServiceProtocols.swift */; };
		100000000000000000000006 /* Services/MockServices.swift in Sources */ = {isa = PBXBuildFile; fileRef = 200000000000000000000006 /* Services/MockServices.swift */; };
		100000000000000000000007 /* Repositories/DemoRepository.swift in Sources */ = {isa = PBXBuildFile; fileRef = 200000000000000000000007 /* Repositories/DemoRepository.swift */; };
		100000000000000000000008 /* ViewModels/AppViewModels.swift in Sources */ = {isa = PBXBuildFile; fileRef = 200000000000000000000008 /* ViewModels/AppViewModels.swift */; };
		100000000000000000000009 /* Core/Media/MediaComponents.swift in Sources */ = {isa = PBXBuildFile; fileRef = 200000000000000000000009 /* Core/Media/MediaComponents.swift */; };
		100000000000000000000010 /* Views/MainTabView.swift in Sources */ = {isa = PBXBuildFile; fileRef = 200000000000000000000010 /* Views/MainTabView.swift */; };
		100000000000000000000011 /* Views/OnboardingView.swift in Sources */ = {isa = PBXBuildFile; fileRef = 200000000000000000000011 /* Views/OnboardingView.swift */; };
		100000000000000000000012 /* Views/HomeView.swift in Sources */ = {isa = PBXBuildFile; fileRef = 200000000000000000000012 /* Views/HomeView.swift */; };
		100000000000000000000013 /* Views/SubmitLiftView.swift in Sources */ = {isa = PBXBuildFile; fileRef = 200000000000000000000013 /* Views/SubmitLiftView.swift */; };
		100000000000000000000014 /* Views/LeaderboardsView.swift in Sources */ = {isa = PBXBuildFile; fileRef = 200000000000000000000014 /* Views/LeaderboardsView.swift */; };
		100000000000000000000016 /* Views/ProfileView.swift in Sources */ = {isa = PBXBuildFile; fileRef = 200000000000000000000016 /* Views/ProfileView.swift */; };
		100000000000000000000017 /* Views/ModeratorReviewView.swift in Sources */ = {isa = PBXBuildFile; fileRef = 200000000000000000000017 /* Views/ModeratorReviewView.swift */; };
		100000000000000000000018 /* Views/SettingsView.swift in Sources */ = {isa = PBXBuildFile; fileRef = 200000000000000000000018 /* Views/SettingsView.swift */; };
		100000000000000000000019 /* RankingCalculatorTests.swift in Sources */ = {isa = PBXBuildFile; fileRef = 200000000000000000000019 /* RankingCalculatorTests.swift */; };
		100000000000000000000020 /* Views/Previews.swift in Sources */ = {isa = PBXBuildFile; fileRef = 200000000000000000000022 /* Views/Previews.swift */; };
		100000000000000000000021 /* Views/TrainingTrackerView.swift in Sources */ = {isa = PBXBuildFile; fileRef = 200000000000000000000023 /* Views/TrainingTrackerView.swift */; };
		100000000000000000000022 /* MockData/PopularExerciseCatalog.swift in Sources */ = {isa = PBXBuildFile; fileRef = 200000000000000000000024 /* MockData/PopularExerciseCatalog.swift */; };
		100000000000000000000023 /* Components/LeaderboardComponents.swift in Sources */ = {isa = PBXBuildFile; fileRef = 200000000000000000000025 /* Components/LeaderboardComponents.swift */; };
		100000000000000000000024 /* MockData/WorkoutProgramCatalog.swift in Sources */ = {isa = PBXBuildFile; fileRef = 200000000000000000000026 /* MockData/WorkoutProgramCatalog.swift */; };
		100000000000000000000025 /* Models/BackendModels.swift in Sources */ = {isa = PBXBuildFile; fileRef = 200000000000000000000027 /* Models/BackendModels.swift */; };
		100000000000000000000026 /* Services/SupabaseServices.swift in Sources */ = {isa = PBXBuildFile; fileRef = 200000000000000000000028 /* Services/SupabaseServices.swift */; };
		100000000000000000000201 /* Services/SupabaseServices+Competition.swift in Sources */ = {isa = PBXBuildFile; fileRef = 200000000000000000000201 /* Services/SupabaseServices+Competition.swift */; };
		100000000000000000000202 /* Services/SupabaseServices+Leaderboard.swift in Sources */ = {isa = PBXBuildFile; fileRef = 200000000000000000000202 /* Services/SupabaseServices+Leaderboard.swift */; };
		100000000000000000000027 /* Services/AppServiceContainer.swift in Sources */ = {isa = PBXBuildFile; fileRef = 200000000000000000000029 /* Services/AppServiceContainer.swift */; };
		100000000000000000000028 /* Supabase in Frameworks */ = {isa = PBXBuildFile; productRef = B00000000000000000000001 /* Supabase */; };
		100000000000000000000029 /* BackendFoundationTests.swift in Sources */ = {isa = PBXBuildFile; fileRef = 200000000000000000000030 /* BackendFoundationTests.swift */; };
		100000000000000000000030 /* Resources/DemoMedia in Resources */ = {isa = PBXBuildFile; fileRef = 200000000000000000000031 /* Resources/DemoMedia */; };
		100000000000000000000031 /* Assets.xcassets in Resources */ = {isa = PBXBuildFile; fileRef = 200000000000000000000032 /* Assets.xcassets */; };
		100000000000000000000032 /* PrivacyInfo.xcprivacy in Resources */ = {isa = PBXBuildFile; fileRef = 200000000000000000000033 /* PrivacyInfo.xcprivacy */; };
		100000000000000000000033 /* LiftRankUITests.swift in Sources */ = {isa = PBXBuildFile; fileRef = 200000000000000000000034 /* LiftRankUITests.swift */; };
		100000000000000000000034 /* Features/Training/Today/TrainingTodayView.swift in Sources */ = {isa = PBXBuildFile; fileRef = 200000000000000000000037 /* Features/Training/Today/TrainingTodayView.swift */; };
		100000000000000000000035 /* Features/Training/Plans/TrainingPlansView.swift in Sources */ = {isa = PBXBuildFile; fileRef = 200000000000000000000038 /* Features/Training/Plans/TrainingPlansView.swift */; };
		100000000000000000000036 /* Features/Training/TrainingSharedComponents.swift in Sources */ = {isa = PBXBuildFile; fileRef = 200000000000000000000039 /* Features/Training/TrainingSharedComponents.swift */; };
		100000000000000000000037 /* Features/Training/Plans/ProgramSessionCard.swift in Sources */ = {isa = PBXBuildFile; fileRef = 200000000000000000000040 /* Features/Training/Plans/ProgramSessionCard.swift */; };
		100000000000000000000038 /* Features/Training/Plans/ProgramPlanDetailView.swift in Sources */ = {isa = PBXBuildFile; fileRef = 200000000000000000000041 /* Features/Training/Plans/ProgramPlanDetailView.swift */; };
		100000000000000000000039 /* Features/Training/Progress/WorkoutHistoryCalendar.swift in Sources */ = {isa = PBXBuildFile; fileRef = 200000000000000000000042 /* Features/Training/Progress/WorkoutHistoryCalendar.swift */; };
		100000000000000000000040 /* Features/Training/Progress/TrainingProgressView.swift in Sources */ = {isa = PBXBuildFile; fileRef = 200000000000000000000043 /* Features/Training/Progress/TrainingProgressView.swift */; };
		100000000000000000000041 /* Features/Training/Library/TrainingLibraryView.swift in Sources */ = {isa = PBXBuildFile; fileRef = 200000000000000000000044 /* Features/Training/Library/TrainingLibraryView.swift */; };
		100000000000000000000042 /* Features/Training/Summary/WorkoutSummaryView.swift in Sources */ = {isa = PBXBuildFile; fileRef = 200000000000000000000045 /* Features/Training/Summary/WorkoutSummaryView.swift */; };
		100000000000000000000043 /* Features/Training/CompletedWorkout/CompletedWorkoutDetailView.swift in Sources */ = {isa = PBXBuildFile; fileRef = 200000000000000000000046 /* Features/Training/CompletedWorkout/CompletedWorkoutDetailView.swift */; };
		100000000000000000000044 /* Features/Training/ActiveWorkout/ActiveWorkoutAddExercisePickerView.swift in Sources */ = {isa = PBXBuildFile; fileRef = 200000000000000000000047 /* Features/Training/ActiveWorkout/ActiveWorkoutAddExercisePickerView.swift */; };
		100000000000000000000045 /* Features/Training/ActiveWorkout/WorkoutSessionRunView.swift in Sources */ = {isa = PBXBuildFile; fileRef = 200000000000000000000048 /* Features/Training/ActiveWorkout/WorkoutSessionRunView.swift */; };
		100000000000000000000046 /* Features/Training/ActiveWorkout/PrescriptionTrackView.swift in Sources */ = {isa = PBXBuildFile; fileRef = 200000000000000000000049 /* Features/Training/ActiveWorkout/PrescriptionTrackView.swift */; };
		100000000000000000000047 /* Features/Training/ActiveWorkout/WorkoutSetLogRow.swift in Sources */ = {isa = PBXBuildFile; fileRef = 200000000000000000000050 /* Features/Training/ActiveWorkout/WorkoutSetLogRow.swift */; };
		100000000000000000000048 /* Features/Training/ActiveWorkout/ActiveWorkoutStore.swift in Sources */ = {isa = PBXBuildFile; fileRef = 200000000000000000000051 /* Features/Training/ActiveWorkout/ActiveWorkoutStore.swift */; };
		100000000000000000000049 /* Core/Notifications/WorkoutRestNotificationScheduler.swift in Sources */ = {isa = PBXBuildFile; fileRef = 200000000000000000000052 /* Core/Notifications/WorkoutRestNotificationScheduler.swift */; };
		100000000000000000000050 /* Domain/Workouts/WorkoutPRDetector.swift in Sources */ = {isa = PBXBuildFile; fileRef = 200000000000000000000053 /* Domain/Workouts/WorkoutPRDetector.swift */; };
		100000000000000000000051 /* Features/Training/Plans/ProgramStore.swift in Sources */ = {isa = PBXBuildFile; fileRef = 200000000000000000000054 /* Features/Training/Plans/ProgramStore.swift */; };
		100000000000000000000052 /* Features/Training/Progress/TrainingProgressStore.swift in Sources */ = {isa = PBXBuildFile; fileRef = 200000000000000000000055 /* Features/Training/Progress/TrainingProgressStore.swift */; };
		100000000000000000000053 /* Features/Training/Library/ExerciseLibraryStore.swift in Sources */ = {isa = PBXBuildFile; fileRef = 200000000000000000000056 /* Features/Training/Library/ExerciseLibraryStore.swift */; };
		100000000000000000000054 /* Data/Supabase/SupabaseProfileMapper.swift in Sources */ = {isa = PBXBuildFile; fileRef = 200000000000000000000057 /* Data/Supabase/SupabaseProfileMapper.swift */; };
		100000000000000000000055 /* Domain/Competition/WeightClassCatalog.swift in Sources */ = {isa = PBXBuildFile; fileRef = 200000000000000000000058 /* Domain/Competition/WeightClassCatalog.swift */; };
		100000000000000000000260 /* Domain/Competition/LeaderboardDomainModels.swift in Sources */ = {isa = PBXBuildFile; fileRef = 200000000000000000000260 /* Domain/Competition/LeaderboardDomainModels.swift */; };
		100000000000000000000320 /* Domain/Workouts/ExerciseDomainModels.swift in Sources */ = {isa = PBXBuildFile; fileRef = 200000000000000000000317 /* Domain/Workouts/ExerciseDomainModels.swift */; };
		100000000000000000000321 /* Domain/Workouts/WorkoutHistoryDomainModels.swift in Sources */ = {isa = PBXBuildFile; fileRef = 200000000000000000000318 /* Domain/Workouts/WorkoutHistoryDomainModels.swift */; };
		100000000000000000000322 /* Domain/Workouts/WorkoutDateHelpers.swift in Sources */ = {isa = PBXBuildFile; fileRef = 200000000000000000000319 /* Domain/Workouts/WorkoutDateHelpers.swift */; };
		100000000000000000000261 /* Domain/Workouts/TrainingHealthDomainModels.swift in Sources */ = {isa = PBXBuildFile; fileRef = 200000000000000000000261 /* Domain/Workouts/TrainingHealthDomainModels.swift */; };
		100000000000000000000263 /* Domain/Workouts/ProgressDomainModels.swift in Sources */ = {isa = PBXBuildFile; fileRef = 200000000000000000000263 /* Domain/Workouts/ProgressDomainModels.swift */; };
		100000000000000000000265 /* Domain/Notifications/NotificationDomainModels.swift in Sources */ = {isa = PBXBuildFile; fileRef = 200000000000000000000265 /* Domain/Notifications/NotificationDomainModels.swift */; };
		100000000000000000000266 /* Domain/Workouts/WorkoutProgramDomainModels.swift in Sources */ = {isa = PBXBuildFile; fileRef = 200000000000000000000266 /* Domain/Workouts/WorkoutProgramDomainModels.swift */; };
		100000000000000000000056 /* Features/Competition/CompetitionStore.swift in Sources */ = {isa = PBXBuildFile; fileRef = 200000000000000000000059 /* Features/Competition/CompetitionStore.swift */; };
		100000000000000000000071 /* Core/DesignSystem/NumericInputControls.swift in Sources */ = {isa = PBXBuildFile; fileRef = 200000000000000000000074 /* Core/DesignSystem/NumericInputControls.swift */; };
		100000000000000000000072 /* Core/DesignSystem/LiftButtonsAndEmptyStates.swift in Sources */ = {isa = PBXBuildFile; fileRef = 200000000000000000000075 /* Core/DesignSystem/LiftButtonsAndEmptyStates.swift */; };
		100000000000000000000073 /* Core/DesignSystem/LiftSurfaces.swift in Sources */ = {isa = PBXBuildFile; fileRef = 200000000000000000000076 /* Core/DesignSystem/LiftSurfaces.swift */; };
		100000000000000000000074 /* Core/DesignSystem/LiftDesignTokens.swift in Sources */ = {isa = PBXBuildFile; fileRef = 200000000000000000000077 /* Core/DesignSystem/LiftDesignTokens.swift */; };
		100000000000000000000108 /* Core/DesignSystem/FloatingTabBar.swift in Sources */ = {isa = PBXBuildFile; fileRef = 200000000000000000000111 /* Core/DesignSystem/FloatingTabBar.swift */; };
		100000000000000000000312 /* Core/DesignSystem/MeasurementFormatting.swift in Sources */ = {isa = PBXBuildFile; fileRef = 200000000000000000000312 /* Core/DesignSystem/MeasurementFormatting.swift */; };
		100000000000000000000313 /* Core/DesignSystem/RankingFormatting.swift in Sources */ = {isa = PBXBuildFile; fileRef = 200000000000000000000313 /* Core/DesignSystem/RankingFormatting.swift */; };
		100000000000000000000314 /* Domain/IdentityDomainModels.swift in Sources */ = {isa = PBXBuildFile; fileRef = 200000000000000000000314 /* Domain/IdentityDomainModels.swift */; };
		100000000000000000000075 /* Features/Profile/AppState+ProfileMedia.swift in Sources */ = {isa = PBXBuildFile; fileRef = 200000000000000000000078 /* Features/Profile/AppState+ProfileMedia.swift */; };
		100000000000000000000076 /* Features/Training/Plans/AppState+TrainingPlans.swift in Sources */ = {isa = PBXBuildFile; fileRef = 200000000000000000000079 /* Features/Training/Plans/AppState+TrainingPlans.swift */; };
		100000000000000000000077 /* Features/Training/ActiveWorkout/AppState+ActiveWorkout.swift in Sources */ = {isa = PBXBuildFile; fileRef = 200000000000000000000080 /* Features/Training/ActiveWorkout/AppState+ActiveWorkout.swift */; };
		100000000000000000000078 /* Features/Profile/AppState+Profile.swift in Sources */ = {isa = PBXBuildFile; fileRef = 200000000000000000000081 /* Features/Profile/AppState+Profile.swift */; };
		100000000000000000000081 /* Features/Competition/AppState+Competition.swift in Sources */ = {isa = PBXBuildFile; fileRef = 200000000000000000000084 /* Features/Competition/AppState+Competition.swift */; };
		100000000000000000000082 /* App/Session/SessionStore.swift in Sources */ = {isa = PBXBuildFile; fileRef = 200000000000000000000085 /* App/Session/SessionStore.swift */; };
		100000000000000000000083 /* Features/Profile/ProfileStore.swift in Sources */ = {isa = PBXBuildFile; fileRef = 200000000000000000000086 /* Features/Profile/ProfileStore.swift */; };
		100000000000000000000084 /* App/Routing/NotificationRoute.swift in Sources */ = {isa = PBXBuildFile; fileRef = 200000000000000000000087 /* App/Routing/NotificationRoute.swift */; };
		100000000000000000000085 /* Features/Notifications/NotificationStore.swift in Sources */ = {isa = PBXBuildFile; fileRef = 200000000000000000000088 /* Features/Notifications/NotificationStore.swift */; };
		100000000000000000000086 /* App/Routing/AppRouter.swift in Sources */ = {isa = PBXBuildFile; fileRef = 200000000000000000000089 /* App/Routing/AppRouter.swift */; };
		100000000000000000000087 /* App/Routing/AppState+Routing.swift in Sources */ = {isa = PBXBuildFile; fileRef = 200000000000000000000090 /* App/Routing/AppState+Routing.swift */; };
		100000000000000000000088 /* Data/Local/WorkoutPersistenceStore.swift in Sources */ = {isa = PBXBuildFile; fileRef = 200000000000000000000091 /* Data/Local/WorkoutPersistenceStore.swift */; };
		100000000000000000000091 /* Data/Demo/DemoCompetitionRepository.swift in Sources */ = {isa = PBXBuildFile; fileRef = 200000000000000000000094 /* Data/Demo/DemoCompetitionRepository.swift */; };
		100000000000000000000092 /* Data/Demo/DemoProgramRepository.swift in Sources */ = {isa = PBXBuildFile; fileRef = 200000000000000000000095 /* Data/Demo/DemoProgramRepository.swift */; };
		100000000000000000000093 /* Data/Demo/DemoWorkoutRepository.swift in Sources */ = {isa = PBXBuildFile; fileRef = 200000000000000000000096 /* Data/Demo/DemoWorkoutRepository.swift */; };
		100000000000000000000094 /* Data/Demo/DemoExerciseRepository.swift in Sources */ = {isa = PBXBuildFile; fileRef = 200000000000000000000097 /* Data/Demo/DemoExerciseRepository.swift */; };
		100000000000000000000095 /* Data/Demo/DemoTrainingProgressRepository.swift in Sources */ = {isa = PBXBuildFile; fileRef = 200000000000000000000098 /* Data/Demo/DemoTrainingProgressRepository.swift */; };
		100000000000000000000096 /* Domain/Repositories/RepositoryProtocols.swift in Sources */ = {isa = PBXBuildFile; fileRef = 200000000000000000000099 /* Domain/Repositories/RepositoryProtocols.swift */; };
		100000000000000000000097 /* Data/Demo/DemoRepositoryConformances.swift in Sources */ = {isa = PBXBuildFile; fileRef = 200000000000000000000100 /* Data/Demo/DemoRepositoryConformances.swift */; };
		100000000000000000000099 /* Features/Training/Plans/WorkoutSyncStore.swift in Sources */ = {isa = PBXBuildFile; fileRef = 200000000000000000000102 /* Features/Training/Plans/WorkoutSyncStore.swift */; };
		100000000000000000000100 /* Core/Media/WorkoutVideoStore.swift in Sources */ = {isa = PBXBuildFile; fileRef = 200000000000000000000103 /* Core/Media/WorkoutVideoStore.swift */; };
		100000000000000000000101 /* Features/Training/ActiveWorkout/WorkoutPRSubmissionStore.swift in Sources */ = {isa = PBXBuildFile; fileRef = 200000000000000000000104 /* Features/Training/ActiveWorkout/WorkoutPRSubmissionStore.swift */; };
		100000000000000000000102 /* App/Account/AccountSocialStore.swift in Sources */ = {isa = PBXBuildFile; fileRef = 200000000000000000000105 /* App/Account/AccountSocialStore.swift */; };
		100000000000000000000103 /* Core/Analytics/AnalyticsStore.swift in Sources */ = {isa = PBXBuildFile; fileRef = 200000000000000000000106 /* Core/Analytics/AnalyticsStore.swift */; };
		100000000000000000000104 /* Features/Training/Plans/WorkoutProgramTemplateDetailView.swift in Sources */ = {isa = PBXBuildFile; fileRef = 200000000000000000000107 /* Features/Training/Plans/WorkoutProgramTemplateDetailView.swift */; };
		100000000000000000000105 /* Features/Training/Substitutes/SubstituteExerciseListView.swift in Sources */ = {isa = PBXBuildFile; fileRef = 200000000000000000000108 /* Features/Training/Substitutes/SubstituteExerciseListView.swift */; };
		100000000000000000000106 /* Features/Training/AppState+TrainingHealth.swift in Sources */ = {isa = PBXBuildFile; fileRef = 200000000000000000000109 /* Features/Training/AppState+TrainingHealth.swift */; };
		100000000000000000000107 /* Features/Training/TrainingHealthEntryEditors.swift in Sources */ = {isa = PBXBuildFile; fileRef = 200000000000000000000110 /* Features/Training/TrainingHealthEntryEditors.swift */; };
		100000000000000000000128 /* Features/Home/HomeOverlays.swift in Sources */ = {isa = PBXBuildFile; fileRef = 200000000000000000000267 /* Features/Home/HomeOverlays.swift */; };
		100000000000000000000129 /* Features/Home/HomeSections.swift in Sources */ = {isa = PBXBuildFile; fileRef = 200000000000000000000268 /* Features/Home/HomeSections.swift */; };
		100000000000000000000130 /* Features/Leaderboard/LeaderboardsViewSections.swift in Sources */ = {isa = PBXBuildFile; fileRef = 200000000000000000000269 /* Features/Leaderboard/LeaderboardsViewSections.swift */; };
		100000000000000000000131 /* Features/Profile/ProfileViewSections.swift in Sources */ = {isa = PBXBuildFile; fileRef = 200000000000000000000270 /* Features/Profile/ProfileViewSections.swift */; };
		100000000000000000000133 /* Features/TrainingTracker/TrainingTrackerView+Sections.swift in Sources */ = {isa = PBXBuildFile; fileRef = 200000000000000000000272 /* Features/TrainingTracker/TrainingTrackerView+Sections.swift */; };
		100000000000000000000134 /* Features/TrainingTracker/TrainingTrackerPlateauCard.swift in Sources */ = {isa = PBXBuildFile; fileRef = 200000000000000000000273 /* Features/TrainingTracker/TrainingTrackerPlateauCard.swift */; };
		100000000000000000000135 /* Features/TrainingTracker/TrainingTrackerFeatureComponents.swift in Sources */ = {isa = PBXBuildFile; fileRef = 200000000000000000000274 /* Features/TrainingTracker/TrainingTrackerFeatureComponents.swift */; };
		100000000000000000000136 /* Features/TrainingTracker/TrainingTrackerView+State.swift in Sources */ = {isa = PBXBuildFile; fileRef = 200000000000000000000275 /* Features/TrainingTracker/TrainingTrackerView+State.swift */; };
		100000000000000000000148 /* Features/TrainingTracker/TrainingTrackerForms.swift in Sources */ = {isa = PBXBuildFile; fileRef = 200000000000000000000292 /* Features/TrainingTracker/TrainingTrackerForms.swift */; };
		100000000000000000000149 /* Features/Training/Library/ExerciseLibraryPresentation.swift in Sources */ = {isa = PBXBuildFile; fileRef = 200000000000000000000293 /* Features/Training/Library/ExerciseLibraryPresentation.swift */; };
		100000000000000000000151 /* Features/Home/HomeFeatureComponents.swift in Sources */ = {isa = PBXBuildFile; fileRef = 200000000000000000000295 /* Features/Home/HomeFeatureComponents.swift */; };
		100000000000000000000152 /* Features/Leaderboard/LeaderboardRowAndFilters.swift in Sources */ = {isa = PBXBuildFile; fileRef = 200000000000000000000296 /* Features/Leaderboard/LeaderboardRowAndFilters.swift */; };
		100000000000000000000153 /* Features/Profile/ProfileContentViews.swift in Sources */ = {isa = PBXBuildFile; fileRef = 200000000000000000000297 /* Features/Profile/ProfileContentViews.swift */; };
		100000000000000000000154 /* Features/TrainingTracker/TrainingTrackerLibraryComponents.swift in Sources */ = {isa = PBXBuildFile; fileRef = 200000000000000000000298 /* Features/TrainingTracker/TrainingTrackerLibraryComponents.swift */; };
		100000000000000000000155 /* Features/Profile/ProfileLogic.swift in Sources */ = {isa = PBXBuildFile; fileRef = 200000000000000000000299 /* Features/Profile/ProfileLogic.swift */; };
		100000000000000000000156 /* Features/Leaderboard/LeaderboardsLogic.swift in Sources */ = {isa = PBXBuildFile; fileRef = 200000000000000000000300 /* Features/Leaderboard/LeaderboardsLogic.swift */; };
		100000000000000000000157 /* Features/Training/Library/ExerciseCatalogIcon.swift in Sources */ = {isa = PBXBuildFile; fileRef = 200000000000000000000301 /* Features/Training/Library/ExerciseCatalogIcon.swift */; };
		100000000000000000000158 /* Features/Training/Library/ExerciseLibraryDetailView.swift in Sources */ = {isa = PBXBuildFile; fileRef = 200000000000000000000302 /* Features/Training/Library/ExerciseLibraryDetailView.swift */; };
		100000000000000000000159 /* Features/Training/Library/ExerciseMuscleMapView.swift in Sources */ = {isa = PBXBuildFile; fileRef = 200000000000000000000303 /* Features/Training/Library/ExerciseMuscleMapView.swift */; };
		100000000000000000000137 /* Services/SupabaseServiceSupport.swift in Sources */ = {isa = PBXBuildFile; fileRef = 200000000000000000000276 /* Services/SupabaseServiceSupport.swift */; };
		100000000000000000000138 /* Services/SupabaseServices+Accounts.swift in Sources */ = {isa = PBXBuildFile; fileRef = 200000000000000000000277 /* Services/SupabaseServices+Accounts.swift */; };
		100000000000000000000139 /* Services/SupabaseServices+Analytics.swift in Sources */ = {isa = PBXBuildFile; fileRef = 200000000000000000000278 /* Services/SupabaseServices+Analytics.swift */; };
		100000000000000000000141 /* Services/SupabaseServices+Compliance.swift in Sources */ = {isa = PBXBuildFile; fileRef = 200000000000000000000281 /* Services/SupabaseServices+Compliance.swift */; };
		100000000000000000000142 /* Services/SupabaseServices+MediaUpload.swift in Sources */ = {isa = PBXBuildFile; fileRef = 200000000000000000000283 /* Services/SupabaseServices+MediaUpload.swift */; };
		100000000000000000000144 /* Services/SupabaseServices+Notifications.swift in Sources */ = {isa = PBXBuildFile; fileRef = 200000000000000000000285 /* Services/SupabaseServices+Notifications.swift */; };
		100000000000000000000145 /* Services/SupabaseServices+Social.swift in Sources */ = {isa = PBXBuildFile; fileRef = 200000000000000000000286 /* Services/SupabaseServices+Social.swift */; };
		100000000000000000000146 /* Services/SupabaseServices+Verification.swift in Sources */ = {isa = PBXBuildFile; fileRef = 200000000000000000000287 /* Services/SupabaseServices+Verification.swift */; };
		100000000000000000000147 /* Services/SupabaseServices+WorkoutSync.swift in Sources */ = {isa = PBXBuildFile; fileRef = 200000000000000000000288 /* Services/SupabaseServices+WorkoutSync.swift */; };
		100000000000000000000315 /* Services/SupabaseServices+ExerciseCatalog.swift in Sources */ = {isa = PBXBuildFile; fileRef = 200000000000000000000289 /* Services/SupabaseServices+ExerciseCatalog.swift */; };
		100000000000000000000316 /* Services/SupabaseServices+Gyms.swift in Sources */ = {isa = PBXBuildFile; fileRef = 200000000000000000000290 /* Services/SupabaseServices+Gyms.swift */; };
		100000000000000000000323 /* WorkoutPresentationFormattingTests.swift in Sources */ = {isa = PBXBuildFile; fileRef = 200000000000000000000311 /* WorkoutPresentationFormattingTests.swift */; };
		/* End PBXBuildFile section */

/* Begin PBXContainerItemProxy section */
		300000000000000000000001 /* PBXContainerItemProxy */ = {
			isa = PBXContainerItemProxy;
			containerPortal = 900000000000000000000001 /* Project object */;
			proxyType = 1;
			remoteGlobalIDString = 700000000000000000000001;
			remoteInfo = LiftRank;
		};
		300000000000000000000003 /* PBXContainerItemProxy */ = {
			isa = PBXContainerItemProxy;
			containerPortal = 900000000000000000000001 /* Project object */;
			proxyType = 1;
			remoteGlobalIDString = 700000000000000000000001;
			remoteInfo = LiftRank;
		};
/* End PBXContainerItemProxy section */

/* Begin PBXFileReference section */
		200000000000000000000001 /* LiftRankApp.swift */ = {isa = PBXFileReference; lastKnownFileType = sourcecode.swift; path = LiftRankApp.swift; sourceTree = "<group>"; };
		200000000000000000000002 /* Models/DomainModels.swift */ = {isa = PBXFileReference; lastKnownFileType = sourcecode.swift; path = Models/DomainModels.swift; sourceTree = "<group>"; };
		200000000000000000000003 /* Utilities/RankingCalculator.swift */ = {isa = PBXFileReference; lastKnownFileType = sourcecode.swift; path = Utilities/RankingCalculator.swift; sourceTree = "<group>"; };
		200000000000000000000004 /* MockData/MockData.swift */ = {isa = PBXFileReference; lastKnownFileType = sourcecode.swift; path = MockData/MockData.swift; sourceTree = "<group>"; };
		200000000000000000000005 /* Services/ServiceProtocols.swift */ = {isa = PBXFileReference; lastKnownFileType = sourcecode.swift; path = Services/ServiceProtocols.swift; sourceTree = "<group>"; };
		200000000000000000000006 /* Services/MockServices.swift */ = {isa = PBXFileReference; lastKnownFileType = sourcecode.swift; path = Services/MockServices.swift; sourceTree = "<group>"; };
		200000000000000000000007 /* Repositories/DemoRepository.swift */ = {isa = PBXFileReference; lastKnownFileType = sourcecode.swift; path = Repositories/DemoRepository.swift; sourceTree = "<group>"; };
		200000000000000000000008 /* ViewModels/AppViewModels.swift */ = {isa = PBXFileReference; lastKnownFileType = sourcecode.swift; path = ViewModels/AppViewModels.swift; sourceTree = "<group>"; };
		200000000000000000000009 /* Core/Media/MediaComponents.swift */ = {isa = PBXFileReference; lastKnownFileType = sourcecode.swift; path = Core/Media/MediaComponents.swift; sourceTree = "<group>"; };
		200000000000000000000010 /* Views/MainTabView.swift */ = {isa = PBXFileReference; lastKnownFileType = sourcecode.swift; path = Views/MainTabView.swift; sourceTree = "<group>"; };
		200000000000000000000011 /* Views/OnboardingView.swift */ = {isa = PBXFileReference; lastKnownFileType = sourcecode.swift; path = Views/OnboardingView.swift; sourceTree = "<group>"; };
		200000000000000000000012 /* Views/HomeView.swift */ = {isa = PBXFileReference; lastKnownFileType = sourcecode.swift; path = Views/HomeView.swift; sourceTree = "<group>"; };
		200000000000000000000013 /* Views/SubmitLiftView.swift */ = {isa = PBXFileReference; lastKnownFileType = sourcecode.swift; path = Views/SubmitLiftView.swift; sourceTree = "<group>"; };
		200000000000000000000014 /* Views/LeaderboardsView.swift */ = {isa = PBXFileReference; lastKnownFileType = sourcecode.swift; path = Views/LeaderboardsView.swift; sourceTree = "<group>"; };
		200000000000000000000016 /* Views/ProfileView.swift */ = {isa = PBXFileReference; lastKnownFileType = sourcecode.swift; path = Views/ProfileView.swift; sourceTree = "<group>"; };
		200000000000000000000017 /* Views/ModeratorReviewView.swift */ = {isa = PBXFileReference; lastKnownFileType = sourcecode.swift; path = Views/ModeratorReviewView.swift; sourceTree = "<group>"; };
		200000000000000000000018 /* Views/SettingsView.swift */ = {isa = PBXFileReference; lastKnownFileType = sourcecode.swift; path = Views/SettingsView.swift; sourceTree = "<group>"; };
		200000000000000000000019 /* RankingCalculatorTests.swift */ = {isa = PBXFileReference; lastKnownFileType = sourcecode.swift; path = RankingCalculatorTests.swift; sourceTree = "<group>"; };
		200000000000000000000020 /* LiftRank.app */ = {isa = PBXFileReference; explicitFileType = wrapper.application; includeInIndex = 0; path = LiftRank.app; sourceTree = BUILT_PRODUCTS_DIR; };
		200000000000000000000021 /* LiftRankTests.xctest */ = {isa = PBXFileReference; explicitFileType = wrapper.cfbundle; includeInIndex = 0; path = LiftRankTests.xctest; sourceTree = BUILT_PRODUCTS_DIR; };
		200000000000000000000022 /* Views/Previews.swift */ = {isa = PBXFileReference; lastKnownFileType = sourcecode.swift; path = Views/Previews.swift; sourceTree = "<group>"; };
		200000000000000000000023 /* Views/TrainingTrackerView.swift */ = {isa = PBXFileReference; lastKnownFileType = sourcecode.swift; path = Views/TrainingTrackerView.swift; sourceTree = "<group>"; };
		200000000000000000000024 /* MockData/PopularExerciseCatalog.swift */ = {isa = PBXFileReference; lastKnownFileType = sourcecode.swift; path = MockData/PopularExerciseCatalog.swift; sourceTree = "<group>"; };
		200000000000000000000025 /* Components/LeaderboardComponents.swift */ = {isa = PBXFileReference; lastKnownFileType = sourcecode.swift; path = Components/LeaderboardComponents.swift; sourceTree = "<group>"; };
		200000000000000000000026 /* MockData/WorkoutProgramCatalog.swift */ = {isa = PBXFileReference; lastKnownFileType = sourcecode.swift; path = MockData/WorkoutProgramCatalog.swift; sourceTree = "<group>"; };
		200000000000000000000027 /* Models/BackendModels.swift */ = {isa = PBXFileReference; lastKnownFileType = sourcecode.swift; path = Models/BackendModels.swift; sourceTree = "<group>"; };
		200000000000000000000028 /* Services/SupabaseServices.swift */ = {isa = PBXFileReference; lastKnownFileType = sourcecode.swift; path = Services/SupabaseServices.swift; sourceTree = "<group>"; };
		200000000000000000000201 /* Services/SupabaseServices+Competition.swift */ = {isa = PBXFileReference; lastKnownFileType = sourcecode.swift; path = "Services/SupabaseServices+Competition.swift"; sourceTree = "<group>"; };
		200000000000000000000202 /* Services/SupabaseServices+Leaderboard.swift */ = {isa = PBXFileReference; lastKnownFileType = sourcecode.swift; path = "Services/SupabaseServices+Leaderboard.swift"; sourceTree = "<group>"; };
		200000000000000000000276 /* Services/SupabaseServiceSupport.swift */ = {isa = PBXFileReference; lastKnownFileType = sourcecode.swift; path = Services/SupabaseServiceSupport.swift; sourceTree = "<group>"; };
		200000000000000000000277 /* Services/SupabaseServices+Accounts.swift */ = {isa = PBXFileReference; lastKnownFileType = sourcecode.swift; path = "Services/SupabaseServices+Accounts.swift"; sourceTree = "<group>"; };
		200000000000000000000278 /* Services/SupabaseServices+Analytics.swift */ = {isa = PBXFileReference; lastKnownFileType = sourcecode.swift; path = "Services/SupabaseServices+Analytics.swift"; sourceTree = "<group>"; };
		200000000000000000000281 /* Services/SupabaseServices+Compliance.swift */ = {isa = PBXFileReference; lastKnownFileType = sourcecode.swift; path = "Services/SupabaseServices+Compliance.swift"; sourceTree = "<group>"; };
		200000000000000000000283 /* Services/SupabaseServices+MediaUpload.swift */ = {isa = PBXFileReference; lastKnownFileType = sourcecode.swift; path = "Services/SupabaseServices+MediaUpload.swift"; sourceTree = "<group>"; };
		200000000000000000000285 /* Services/SupabaseServices+Notifications.swift */ = {isa = PBXFileReference; lastKnownFileType = sourcecode.swift; path = "Services/SupabaseServices+Notifications.swift"; sourceTree = "<group>"; };
		200000000000000000000286 /* Services/SupabaseServices+Social.swift */ = {isa = PBXFileReference; lastKnownFileType = sourcecode.swift; path = "Services/SupabaseServices+Social.swift"; sourceTree = "<group>"; };
		200000000000000000000287 /* Services/SupabaseServices+Verification.swift */ = {isa = PBXFileReference; lastKnownFileType = sourcecode.swift; path = "Services/SupabaseServices+Verification.swift"; sourceTree = "<group>"; };
		200000000000000000000288 /* Services/SupabaseServices+WorkoutSync.swift */ = {isa = PBXFileReference; lastKnownFileType = sourcecode.swift; path = "Services/SupabaseServices+WorkoutSync.swift"; sourceTree = "<group>"; };
		200000000000000000000289 /* Services/SupabaseServices+ExerciseCatalog.swift */ = {isa = PBXFileReference; lastKnownFileType = sourcecode.swift; path = "Services/SupabaseServices+ExerciseCatalog.swift"; sourceTree = "<group>"; };
		200000000000000000000290 /* Services/SupabaseServices+Gyms.swift */ = {isa = PBXFileReference; lastKnownFileType = sourcecode.swift; path = "Services/SupabaseServices+Gyms.swift"; sourceTree = "<group>"; };
		200000000000000000000029 /* Services/AppServiceContainer.swift */ = {isa = PBXFileReference; lastKnownFileType = sourcecode.swift; path = Services/AppServiceContainer.swift; sourceTree = "<group>"; };
		200000000000000000000030 /* BackendFoundationTests.swift */ = {isa = PBXFileReference; lastKnownFileType = sourcecode.swift; path = BackendFoundationTests.swift; sourceTree = "<group>"; };
		200000000000000000000031 /* Resources/DemoMedia */ = {isa = PBXFileReference; lastKnownFileType = folder; path = Resources/DemoMedia; sourceTree = "<group>"; };
		200000000000000000000032 /* Assets.xcassets */ = {isa = PBXFileReference; lastKnownFileType = folder.assetcatalog; path = Assets.xcassets; sourceTree = "<group>"; };
		200000000000000000000033 /* PrivacyInfo.xcprivacy */ = {isa = PBXFileReference; lastKnownFileType = text.xml; path = PrivacyInfo.xcprivacy; sourceTree = "<group>"; };
		200000000000000000000034 /* LiftRankUITests.swift */ = {isa = PBXFileReference; lastKnownFileType = sourcecode.swift; path = LiftRankUITests.swift; sourceTree = "<group>"; };
		200000000000000000000035 /* LiftRankUITests.xctest */ = {isa = PBXFileReference; explicitFileType = wrapper.cfbundle; includeInIndex = 0; path = LiftRankUITests.xctest; sourceTree = BUILT_PRODUCTS_DIR; };
		200000000000000000000036 /* Info.plist */ = {isa = PBXFileReference; lastKnownFileType = text.plist.xml; path = Info.plist; sourceTree = "<group>"; };
		200000000000000000000037 /* Features/Training/Today/TrainingTodayView.swift */ = {isa = PBXFileReference; lastKnownFileType = sourcecode.swift; path = Features/Training/Today/TrainingTodayView.swift; sourceTree = "<group>"; };
		200000000000000000000038 /* Features/Training/Plans/TrainingPlansView.swift */ = {isa = PBXFileReference; lastKnownFileType = sourcecode.swift; path = Features/Training/Plans/TrainingPlansView.swift; sourceTree = "<group>"; };
		200000000000000000000039 /* Features/Training/TrainingSharedComponents.swift */ = {isa = PBXFileReference; lastKnownFileType = sourcecode.swift; path = Features/Training/TrainingSharedComponents.swift; sourceTree = "<group>"; };
		200000000000000000000040 /* Features/Training/Plans/ProgramSessionCard.swift */ = {isa = PBXFileReference; lastKnownFileType = sourcecode.swift; path = Features/Training/Plans/ProgramSessionCard.swift; sourceTree = "<group>"; };
		200000000000000000000041 /* Features/Training/Plans/ProgramPlanDetailView.swift */ = {isa = PBXFileReference; lastKnownFileType = sourcecode.swift; path = Features/Training/Plans/ProgramPlanDetailView.swift; sourceTree = "<group>"; };
		200000000000000000000042 /* Features/Training/Progress/WorkoutHistoryCalendar.swift */ = {isa = PBXFileReference; lastKnownFileType = sourcecode.swift; path = Features/Training/Progress/WorkoutHistoryCalendar.swift; sourceTree = "<group>"; };
		200000000000000000000043 /* Features/Training/Progress/TrainingProgressView.swift */ = {isa = PBXFileReference; lastKnownFileType = sourcecode.swift; path = Features/Training/Progress/TrainingProgressView.swift; sourceTree = "<group>"; };
		200000000000000000000044 /* Features/Training/Library/TrainingLibraryView.swift */ = {isa = PBXFileReference; lastKnownFileType = sourcecode.swift; path = Features/Training/Library/TrainingLibraryView.swift; sourceTree = "<group>"; };
		200000000000000000000045 /* Features/Training/Summary/WorkoutSummaryView.swift */ = {isa = PBXFileReference; lastKnownFileType = sourcecode.swift; path = Features/Training/Summary/WorkoutSummaryView.swift; sourceTree = "<group>"; };
		200000000000000000000046 /* Features/Training/CompletedWorkout/CompletedWorkoutDetailView.swift */ = {isa = PBXFileReference; lastKnownFileType = sourcecode.swift; path = Features/Training/CompletedWorkout/CompletedWorkoutDetailView.swift; sourceTree = "<group>"; };
		200000000000000000000047 /* Features/Training/ActiveWorkout/ActiveWorkoutAddExercisePickerView.swift */ = {isa = PBXFileReference; lastKnownFileType = sourcecode.swift; path = Features/Training/ActiveWorkout/ActiveWorkoutAddExercisePickerView.swift; sourceTree = "<group>"; };
		200000000000000000000048 /* Features/Training/ActiveWorkout/WorkoutSessionRunView.swift */ = {isa = PBXFileReference; lastKnownFileType = sourcecode.swift; path = Features/Training/ActiveWorkout/WorkoutSessionRunView.swift; sourceTree = "<group>"; };
		200000000000000000000049 /* Features/Training/ActiveWorkout/PrescriptionTrackView.swift */ = {isa = PBXFileReference; lastKnownFileType = sourcecode.swift; path = Features/Training/ActiveWorkout/PrescriptionTrackView.swift; sourceTree = "<group>"; };
		200000000000000000000050 /* Features/Training/ActiveWorkout/WorkoutSetLogRow.swift */ = {isa = PBXFileReference; lastKnownFileType = sourcecode.swift; path = Features/Training/ActiveWorkout/WorkoutSetLogRow.swift; sourceTree = "<group>"; };
		200000000000000000000051 /* Features/Training/ActiveWorkout/ActiveWorkoutStore.swift */ = {isa = PBXFileReference; lastKnownFileType = sourcecode.swift; path = Features/Training/ActiveWorkout/ActiveWorkoutStore.swift; sourceTree = "<group>"; };
		200000000000000000000052 /* Core/Notifications/WorkoutRestNotificationScheduler.swift */ = {isa = PBXFileReference; lastKnownFileType = sourcecode.swift; path = Core/Notifications/WorkoutRestNotificationScheduler.swift; sourceTree = "<group>"; };
		200000000000000000000053 /* Domain/Workouts/WorkoutPRDetector.swift */ = {isa = PBXFileReference; lastKnownFileType = sourcecode.swift; path = Domain/Workouts/WorkoutPRDetector.swift; sourceTree = "<group>"; };
		200000000000000000000054 /* Features/Training/Plans/ProgramStore.swift */ = {isa = PBXFileReference; lastKnownFileType = sourcecode.swift; path = Features/Training/Plans/ProgramStore.swift; sourceTree = "<group>"; };
		200000000000000000000055 /* Features/Training/Progress/TrainingProgressStore.swift */ = {isa = PBXFileReference; lastKnownFileType = sourcecode.swift; path = Features/Training/Progress/TrainingProgressStore.swift; sourceTree = "<group>"; };
		200000000000000000000056 /* Features/Training/Library/ExerciseLibraryStore.swift */ = {isa = PBXFileReference; lastKnownFileType = sourcecode.swift; path = Features/Training/Library/ExerciseLibraryStore.swift; sourceTree = "<group>"; };
		200000000000000000000057 /* Data/Supabase/SupabaseProfileMapper.swift */ = {isa = PBXFileReference; lastKnownFileType = sourcecode.swift; path = Data/Supabase/SupabaseProfileMapper.swift; sourceTree = "<group>"; };
		200000000000000000000058 /* Domain/Competition/WeightClassCatalog.swift */ = {isa = PBXFileReference; lastKnownFileType = sourcecode.swift; path = Domain/Competition/WeightClassCatalog.swift; sourceTree = "<group>"; };
		200000000000000000000260 /* Domain/Competition/LeaderboardDomainModels.swift */ = {isa = PBXFileReference; lastKnownFileType = sourcecode.swift; path = Domain/Competition/LeaderboardDomainModels.swift; sourceTree = "<group>"; };
		200000000000000000000261 /* Domain/Workouts/TrainingHealthDomainModels.swift */ = {isa = PBXFileReference; lastKnownFileType = sourcecode.swift; path = Domain/Workouts/TrainingHealthDomainModels.swift; sourceTree = "<group>"; };
		200000000000000000000263 /* Domain/Workouts/ProgressDomainModels.swift */ = {isa = PBXFileReference; lastKnownFileType = sourcecode.swift; path = Domain/Workouts/ProgressDomainModels.swift; sourceTree = "<group>"; };
		200000000000000000000317 /* Domain/Workouts/ExerciseDomainModels.swift */ = {isa = PBXFileReference; lastKnownFileType = sourcecode.swift; path = Domain/Workouts/ExerciseDomainModels.swift; sourceTree = "<group>"; };
		200000000000000000000318 /* Domain/Workouts/WorkoutHistoryDomainModels.swift */ = {isa = PBXFileReference; lastKnownFileType = sourcecode.swift; path = Domain/Workouts/WorkoutHistoryDomainModels.swift; sourceTree = "<group>"; };
		200000000000000000000319 /* Domain/Workouts/WorkoutDateHelpers.swift */ = {isa = PBXFileReference; lastKnownFileType = sourcecode.swift; path = Domain/Workouts/WorkoutDateHelpers.swift; sourceTree = "<group>"; };
		200000000000000000000265 /* Domain/Notifications/NotificationDomainModels.swift */ = {isa = PBXFileReference; lastKnownFileType = sourcecode.swift; path = Domain/Notifications/NotificationDomainModels.swift; sourceTree = "<group>"; };
		200000000000000000000266 /* Domain/Workouts/WorkoutProgramDomainModels.swift */ = {isa = PBXFileReference; lastKnownFileType = sourcecode.swift; path = Domain/Workouts/WorkoutProgramDomainModels.swift; sourceTree = "<group>"; };
		200000000000000000000267 /* Features/Home/HomeOverlays.swift */ = {isa = PBXFileReference; lastKnownFileType = sourcecode.swift; path = Features/Home/HomeOverlays.swift; sourceTree = "<group>"; };
		200000000000000000000268 /* Features/Home/HomeSections.swift */ = {isa = PBXFileReference; lastKnownFileType = sourcecode.swift; path = Features/Home/HomeSections.swift; sourceTree = "<group>"; };
		200000000000000000000269 /* Features/Leaderboard/LeaderboardsViewSections.swift */ = {isa = PBXFileReference; lastKnownFileType = sourcecode.swift; path = Features/Leaderboard/LeaderboardsViewSections.swift; sourceTree = "<group>"; };
		200000000000000000000270 /* Features/Profile/ProfileViewSections.swift */ = {isa = PBXFileReference; lastKnownFileType = sourcecode.swift; path = Features/Profile/ProfileViewSections.swift; sourceTree = "<group>"; };
		200000000000000000000272 /* Features/TrainingTracker/TrainingTrackerView+Sections.swift */ = {isa = PBXFileReference; lastKnownFileType = sourcecode.swift; path = "Features/TrainingTracker/TrainingTrackerView+Sections.swift"; sourceTree = "<group>"; };
		200000000000000000000273 /* Features/TrainingTracker/TrainingTrackerPlateauCard.swift */ = {isa = PBXFileReference; lastKnownFileType = sourcecode.swift; path = Features/TrainingTracker/TrainingTrackerPlateauCard.swift; sourceTree = "<group>"; };
		200000000000000000000274 /* Features/TrainingTracker/TrainingTrackerFeatureComponents.swift */ = {isa = PBXFileReference; lastKnownFileType = sourcecode.swift; path = Features/TrainingTracker/TrainingTrackerFeatureComponents.swift; sourceTree = "<group>"; };
		200000000000000000000275 /* Features/TrainingTracker/TrainingTrackerView+State.swift */ = {isa = PBXFileReference; lastKnownFileType = sourcecode.swift; path = "Features/TrainingTracker/TrainingTrackerView+State.swift"; sourceTree = "<group>"; };
		200000000000000000000292 /* Features/TrainingTracker/TrainingTrackerForms.swift */ = {isa = PBXFileReference; lastKnownFileType = sourcecode.swift; path = Features/TrainingTracker/TrainingTrackerForms.swift; sourceTree = "<group>"; };
		200000000000000000000293 /* Features/Training/Library/ExerciseLibraryPresentation.swift */ = {isa = PBXFileReference; lastKnownFileType = sourcecode.swift; path = Features/Training/Library/ExerciseLibraryPresentation.swift; sourceTree = "<group>"; };
		200000000000000000000295 /* Features/Home/HomeFeatureComponents.swift */ = {isa = PBXFileReference; lastKnownFileType = sourcecode.swift; path = Features/Home/HomeFeatureComponents.swift; sourceTree = "<group>"; };
		200000000000000000000296 /* Features/Leaderboard/LeaderboardRowAndFilters.swift */ = {isa = PBXFileReference; lastKnownFileType = sourcecode.swift; path = Features/Leaderboard/LeaderboardRowAndFilters.swift; sourceTree = "<group>"; };
		200000000000000000000297 /* Features/Profile/ProfileContentViews.swift */ = {isa = PBXFileReference; lastKnownFileType = sourcecode.swift; path = Features/Profile/ProfileContentViews.swift; sourceTree = "<group>"; };
		200000000000000000000298 /* Features/TrainingTracker/TrainingTrackerLibraryComponents.swift */ = {isa = PBXFileReference; lastKnownFileType = sourcecode.swift; path = Features/TrainingTracker/TrainingTrackerLibraryComponents.swift; sourceTree = "<group>"; };
		200000000000000000000299 /* Features/Profile/ProfileLogic.swift */ = {isa = PBXFileReference; lastKnownFileType = sourcecode.swift; path = Features/Profile/ProfileLogic.swift; sourceTree = "<group>"; };
		200000000000000000000300 /* Features/Leaderboard/LeaderboardsLogic.swift */ = {isa = PBXFileReference; lastKnownFileType = sourcecode.swift; path = Features/Leaderboard/LeaderboardsLogic.swift; sourceTree = "<group>"; };
		200000000000000000000301 /* Features/Training/Library/ExerciseCatalogIcon.swift */ = {isa = PBXFileReference; lastKnownFileType = sourcecode.swift; path = Features/Training/Library/ExerciseCatalogIcon.swift; sourceTree = "<group>"; };
		200000000000000000000302 /* Features/Training/Library/ExerciseLibraryDetailView.swift */ = {isa = PBXFileReference; lastKnownFileType = sourcecode.swift; path = Features/Training/Library/ExerciseLibraryDetailView.swift; sourceTree = "<group>"; };
		200000000000000000000303 /* Features/Training/Library/ExerciseMuscleMapView.swift */ = {isa = PBXFileReference; lastKnownFileType = sourcecode.swift; path = Features/Training/Library/ExerciseMuscleMapView.swift; sourceTree = "<group>"; };
		200000000000000000000059 /* Features/Competition/CompetitionStore.swift */ = {isa = PBXFileReference; lastKnownFileType = sourcecode.swift; path = Features/Competition/CompetitionStore.swift; sourceTree = "<group>"; };
		200000000000000000000074 /* Core/DesignSystem/NumericInputControls.swift */ = {isa = PBXFileReference; lastKnownFileType = sourcecode.swift; path = Core/DesignSystem/NumericInputControls.swift; sourceTree = "<group>"; };
		200000000000000000000075 /* Core/DesignSystem/LiftButtonsAndEmptyStates.swift */ = {isa = PBXFileReference; lastKnownFileType = sourcecode.swift; path = Core/DesignSystem/LiftButtonsAndEmptyStates.swift; sourceTree = "<group>"; };
		200000000000000000000076 /* Core/DesignSystem/LiftSurfaces.swift */ = {isa = PBXFileReference; lastKnownFileType = sourcecode.swift; path = Core/DesignSystem/LiftSurfaces.swift; sourceTree = "<group>"; };
		200000000000000000000077 /* Core/DesignSystem/LiftDesignTokens.swift */ = {isa = PBXFileReference; lastKnownFileType = sourcecode.swift; path = Core/DesignSystem/LiftDesignTokens.swift; sourceTree = "<group>"; };
		200000000000000000000111 /* Core/DesignSystem/FloatingTabBar.swift */ = {isa = PBXFileReference; lastKnownFileType = sourcecode.swift; path = Core/DesignSystem/FloatingTabBar.swift; sourceTree = "<group>"; };
		200000000000000000000078 /* Features/Profile/AppState+ProfileMedia.swift */ = {isa = PBXFileReference; lastKnownFileType = sourcecode.swift; path = "Features/Profile/AppState+ProfileMedia.swift"; sourceTree = "<group>"; };
		200000000000000000000079 /* Features/Training/Plans/AppState+TrainingPlans.swift */ = {isa = PBXFileReference; lastKnownFileType = sourcecode.swift; path = "Features/Training/Plans/AppState+TrainingPlans.swift"; sourceTree = "<group>"; };
		200000000000000000000080 /* Features/Training/ActiveWorkout/AppState+ActiveWorkout.swift */ = {isa = PBXFileReference; lastKnownFileType = sourcecode.swift; path = "Features/Training/ActiveWorkout/AppState+ActiveWorkout.swift"; sourceTree = "<group>"; };
		200000000000000000000081 /* Features/Profile/AppState+Profile.swift */ = {isa = PBXFileReference; lastKnownFileType = sourcecode.swift; path = "Features/Profile/AppState+Profile.swift"; sourceTree = "<group>"; };
		200000000000000000000084 /* Features/Competition/AppState+Competition.swift */ = {isa = PBXFileReference; lastKnownFileType = sourcecode.swift; path = "Features/Competition/AppState+Competition.swift"; sourceTree = "<group>"; };
		200000000000000000000085 /* App/Session/SessionStore.swift */ = {isa = PBXFileReference; lastKnownFileType = sourcecode.swift; path = App/Session/SessionStore.swift; sourceTree = "<group>"; };
		200000000000000000000086 /* Features/Profile/ProfileStore.swift */ = {isa = PBXFileReference; lastKnownFileType = sourcecode.swift; path = Features/Profile/ProfileStore.swift; sourceTree = "<group>"; };
		200000000000000000000087 /* App/Routing/NotificationRoute.swift */ = {isa = PBXFileReference; lastKnownFileType = sourcecode.swift; path = App/Routing/NotificationRoute.swift; sourceTree = "<group>"; };
		200000000000000000000088 /* Features/Notifications/NotificationStore.swift */ = {isa = PBXFileReference; lastKnownFileType = sourcecode.swift; path = Features/Notifications/NotificationStore.swift; sourceTree = "<group>"; };
		200000000000000000000089 /* App/Routing/AppRouter.swift */ = {isa = PBXFileReference; lastKnownFileType = sourcecode.swift; path = App/Routing/AppRouter.swift; sourceTree = "<group>"; };
		200000000000000000000090 /* App/Routing/AppState+Routing.swift */ = {isa = PBXFileReference; lastKnownFileType = sourcecode.swift; path = "App/Routing/AppState+Routing.swift"; sourceTree = "<group>"; };
		200000000000000000000091 /* Data/Local/WorkoutPersistenceStore.swift */ = {isa = PBXFileReference; lastKnownFileType = sourcecode.swift; path = Data/Local/WorkoutPersistenceStore.swift; sourceTree = "<group>"; };
		200000000000000000000094 /* Data/Demo/DemoCompetitionRepository.swift */ = {isa = PBXFileReference; lastKnownFileType = sourcecode.swift; path = Data/Demo/DemoCompetitionRepository.swift; sourceTree = "<group>"; };
		200000000000000000000095 /* Data/Demo/DemoProgramRepository.swift */ = {isa = PBXFileReference; lastKnownFileType = sourcecode.swift; path = Data/Demo/DemoProgramRepository.swift; sourceTree = "<group>"; };
		200000000000000000000096 /* Data/Demo/DemoWorkoutRepository.swift */ = {isa = PBXFileReference; lastKnownFileType = sourcecode.swift; path = Data/Demo/DemoWorkoutRepository.swift; sourceTree = "<group>"; };
		200000000000000000000097 /* Data/Demo/DemoExerciseRepository.swift */ = {isa = PBXFileReference; lastKnownFileType = sourcecode.swift; path = Data/Demo/DemoExerciseRepository.swift; sourceTree = "<group>"; };
		200000000000000000000098 /* Data/Demo/DemoTrainingProgressRepository.swift */ = {isa = PBXFileReference; lastKnownFileType = sourcecode.swift; path = Data/Demo/DemoTrainingProgressRepository.swift; sourceTree = "<group>"; };
		200000000000000000000099 /* Domain/Repositories/RepositoryProtocols.swift */ = {isa = PBXFileReference; lastKnownFileType = sourcecode.swift; path = Domain/Repositories/RepositoryProtocols.swift; sourceTree = "<group>"; };
		200000000000000000000100 /* Data/Demo/DemoRepositoryConformances.swift */ = {isa = PBXFileReference; lastKnownFileType = sourcecode.swift; path = Data/Demo/DemoRepositoryConformances.swift; sourceTree = "<group>"; };
		200000000000000000000102 /* Features/Training/Plans/WorkoutSyncStore.swift */ = {isa = PBXFileReference; lastKnownFileType = sourcecode.swift; path = Features/Training/Plans/WorkoutSyncStore.swift; sourceTree = "<group>"; };
		200000000000000000000103 /* Core/Media/WorkoutVideoStore.swift */ = {isa = PBXFileReference; lastKnownFileType = sourcecode.swift; path = Core/Media/WorkoutVideoStore.swift; sourceTree = "<group>"; };
		200000000000000000000104 /* Features/Training/ActiveWorkout/WorkoutPRSubmissionStore.swift */ = {isa = PBXFileReference; lastKnownFileType = sourcecode.swift; path = Features/Training/ActiveWorkout/WorkoutPRSubmissionStore.swift; sourceTree = "<group>"; };
		200000000000000000000105 /* App/Account/AccountSocialStore.swift */ = {isa = PBXFileReference; lastKnownFileType = sourcecode.swift; path = App/Account/AccountSocialStore.swift; sourceTree = "<group>"; };
		200000000000000000000106 /* Core/Analytics/AnalyticsStore.swift */ = {isa = PBXFileReference; lastKnownFileType = sourcecode.swift; path = Core/Analytics/AnalyticsStore.swift; sourceTree = "<group>"; };
		200000000000000000000107 /* Features/Training/Plans/WorkoutProgramTemplateDetailView.swift */ = {isa = PBXFileReference; lastKnownFileType = sourcecode.swift; path = Features/Training/Plans/WorkoutProgramTemplateDetailView.swift; sourceTree = "<group>"; };
		200000000000000000000108 /* Features/Training/Substitutes/SubstituteExerciseListView.swift */ = {isa = PBXFileReference; lastKnownFileType = sourcecode.swift; path = Features/Training/Substitutes/SubstituteExerciseListView.swift; sourceTree = "<group>"; };
		200000000000000000000109 /* Features/Training/AppState+TrainingHealth.swift */ = {isa = PBXFileReference; lastKnownFileType = sourcecode.swift; path = "Features/Training/AppState+TrainingHealth.swift"; sourceTree = "<group>"; };
		200000000000000000000110 /* Features/Training/TrainingHealthEntryEditors.swift */ = {isa = PBXFileReference; lastKnownFileType = sourcecode.swift; path = "Features/Training/TrainingHealthEntryEditors.swift"; sourceTree = "<group>"; };
		200000000000000000000312 /* Core/DesignSystem/MeasurementFormatting.swift */ = {isa = PBXFileReference; lastKnownFileType = sourcecode.swift; path = Core/DesignSystem/MeasurementFormatting.swift; sourceTree = "<group>"; };
		200000000000000000000313 /* Core/DesignSystem/RankingFormatting.swift */ = {isa = PBXFileReference; lastKnownFileType = sourcecode.swift; path = Core/DesignSystem/RankingFormatting.swift; sourceTree = "<group>"; };
		200000000000000000000314 /* Domain/IdentityDomainModels.swift */ = {isa = PBXFileReference; lastKnownFileType = sourcecode.swift; path = Domain/IdentityDomainModels.swift; sourceTree = "<group>"; };
		200000000000000000000311 /* WorkoutPresentationFormattingTests.swift */ = {isa = PBXFileReference; lastKnownFileType = sourcecode.swift; path = WorkoutPresentationFormattingTests.swift; sourceTree = "<group>"; };
		/* End PBXFileReference section */

/* Begin PBXFrameworksBuildPhase section */
		400000000000000000000001 /* Frameworks */ = {
			isa = PBXFrameworksBuildPhase;
			buildActionMask = 2147483647;
			files = (
				100000000000000000000028 /* Supabase in Frameworks */,
			);
			runOnlyForDeploymentPostprocessing = 0;
		};
		400000000000000000000002 /* Frameworks */ = {
			isa = PBXFrameworksBuildPhase;
			buildActionMask = 2147483647;
			files = (
			);
			runOnlyForDeploymentPostprocessing = 0;
		};
		400000000000000000000003 /* Frameworks */ = {
			isa = PBXFrameworksBuildPhase;
			buildActionMask = 2147483647;
			files = (
			);
			runOnlyForDeploymentPostprocessing = 0;
		};
/* End PBXFrameworksBuildPhase section */

/* Begin PBXGroup section */
		500000000000000000000001 = {
			isa = PBXGroup;
			children = (
				500000000000000000000002 /* LiftRankApp */,
				500000000000000000000003 /* LiftRankTests */,
				500000000000000000000005 /* LiftRankUITests */,
				500000000000000000000004 /* Products */,
			);
			sourceTree = "<group>";
		};
		500000000000000000000002 /* LiftRankApp */ = {
			isa = PBXGroup;
			children = (
				200000000000000000000001 /* LiftRankApp.swift */,
				200000000000000000000002 /* Models/DomainModels.swift */,
				200000000000000000000027 /* Models/BackendModels.swift */,
				200000000000000000000003 /* Utilities/RankingCalculator.swift */,
				200000000000000000000004 /* MockData/MockData.swift */,
					200000000000000000000005 /* Services/ServiceProtocols.swift */,
					200000000000000000000006 /* Services/MockServices.swift */,
					200000000000000000000028 /* Services/SupabaseServices.swift */,
					200000000000000000000201 /* Services/SupabaseServices+Competition.swift */,
					200000000000000000000202 /* Services/SupabaseServices+Leaderboard.swift */,
					200000000000000000000276 /* Services/SupabaseServiceSupport.swift */,
					200000000000000000000277 /* Services/SupabaseServices+Accounts.swift */,
					200000000000000000000278 /* Services/SupabaseServices+Analytics.swift */,
						200000000000000000000289 /* Services/SupabaseServices+ExerciseCatalog.swift */,
						200000000000000000000290 /* Services/SupabaseServices+Gyms.swift */,
						200000000000000000000281 /* Services/SupabaseServices+Compliance.swift */,
					200000000000000000000283 /* Services/SupabaseServices+MediaUpload.swift */,
					200000000000000000000285 /* Services/SupabaseServices+Notifications.swift */,
					200000000000000000000286 /* Services/SupabaseServices+Social.swift */,
					200000000000000000000287 /* Services/SupabaseServices+Verification.swift */,
					200000000000000000000288 /* Services/SupabaseServices+WorkoutSync.swift */,
					200000000000000000000029 /* Services/AppServiceContainer.swift */,
					200000000000000000000007 /* Repositories/DemoRepository.swift */,
					200000000000000000000008 /* ViewModels/AppViewModels.swift */,
				200000000000000000000009 /* Core/Media/MediaComponents.swift */,
				200000000000000000000103 /* Core/Media/WorkoutVideoStore.swift */,
				200000000000000000000025 /* Components/LeaderboardComponents.swift */,
					200000000000000000000010 /* Views/MainTabView.swift */,
					200000000000000000000011 /* Views/OnboardingView.swift */,
					200000000000000000000012 /* Views/HomeView.swift */,
					200000000000000000000295 /* Features/Home/HomeFeatureComponents.swift */,
					200000000000000000000267 /* Features/Home/HomeSections.swift */,
					200000000000000000000268 /* Features/Home/HomeOverlays.swift */,
					200000000000000000000013 /* Views/SubmitLiftView.swift */,
					200000000000000000000014 /* Views/LeaderboardsView.swift */,
					200000000000000000000269 /* Features/Leaderboard/LeaderboardsViewSections.swift */,
					200000000000000000000296 /* Features/Leaderboard/LeaderboardRowAndFilters.swift */,
					200000000000000000000300 /* Features/Leaderboard/LeaderboardsLogic.swift */,
					200000000000000000000016 /* Views/ProfileView.swift */,
					200000000000000000000270 /* Features/Profile/ProfileViewSections.swift */,
					200000000000000000000297 /* Features/Profile/ProfileContentViews.swift */,
					200000000000000000000299 /* Features/Profile/ProfileLogic.swift */,
					200000000000000000000017 /* Views/ModeratorReviewView.swift */,
					200000000000000000000018 /* Views/SettingsView.swift */,
					200000000000000000000022 /* Views/Previews.swift */,
					200000000000000000000023 /* Views/TrainingTrackerView.swift */,
					200000000000000000000272 /* Features/TrainingTracker/TrainingTrackerView+Sections.swift */,
					200000000000000000000273 /* Features/TrainingTracker/TrainingTrackerPlateauCard.swift */,
					200000000000000000000274 /* Features/TrainingTracker/TrainingTrackerFeatureComponents.swift */,
					200000000000000000000275 /* Features/TrainingTracker/TrainingTrackerView+State.swift */,
					200000000000000000000292 /* Features/TrainingTracker/TrainingTrackerForms.swift */,
					200000000000000000000298 /* Features/TrainingTracker/TrainingTrackerLibraryComponents.swift */,
				200000000000000000000037 /* Features/Training/Today/TrainingTodayView.swift */,
				200000000000000000000038 /* Features/Training/Plans/TrainingPlansView.swift */,
				200000000000000000000039 /* Features/Training/TrainingSharedComponents.swift */,
				200000000000000000000040 /* Features/Training/Plans/ProgramSessionCard.swift */,
				200000000000000000000041 /* Features/Training/Plans/ProgramPlanDetailView.swift */,
				200000000000000000000042 /* Features/Training/Progress/WorkoutHistoryCalendar.swift */,
				200000000000000000000043 /* Features/Training/Progress/TrainingProgressView.swift */,
				200000000000000000000044 /* Features/Training/Library/TrainingLibraryView.swift */,
				200000000000000000000293 /* Features/Training/Library/ExerciseLibraryPresentation.swift */,
				200000000000000000000301 /* Features/Training/Library/ExerciseCatalogIcon.swift */,
				200000000000000000000302 /* Features/Training/Library/ExerciseLibraryDetailView.swift */,
				200000000000000000000303 /* Features/Training/Library/ExerciseMuscleMapView.swift */,
				200000000000000000000045 /* Features/Training/Summary/WorkoutSummaryView.swift */,
				200000000000000000000046 /* Features/Training/CompletedWorkout/CompletedWorkoutDetailView.swift */,
				200000000000000000000047 /* Features/Training/ActiveWorkout/ActiveWorkoutAddExercisePickerView.swift */,
				200000000000000000000048 /* Features/Training/ActiveWorkout/WorkoutSessionRunView.swift */,
				200000000000000000000049 /* Features/Training/ActiveWorkout/PrescriptionTrackView.swift */,
				200000000000000000000050 /* Features/Training/ActiveWorkout/WorkoutSetLogRow.swift */,
				200000000000000000000051 /* Features/Training/ActiveWorkout/ActiveWorkoutStore.swift */,
				200000000000000000000104 /* Features/Training/ActiveWorkout/WorkoutPRSubmissionStore.swift */,
				200000000000000000000052 /* Core/Notifications/WorkoutRestNotificationScheduler.swift */,
				200000000000000000000053 /* Domain/Workouts/WorkoutPRDetector.swift */,
				200000000000000000000317 /* Domain/Workouts/ExerciseDomainModels.swift */,
				200000000000000000000318 /* Domain/Workouts/WorkoutHistoryDomainModels.swift */,
				200000000000000000000319 /* Domain/Workouts/WorkoutDateHelpers.swift */,
				200000000000000000000261 /* Domain/Workouts/TrainingHealthDomainModels.swift */,
				200000000000000000000263 /* Domain/Workouts/ProgressDomainModels.swift */,
				200000000000000000000265 /* Domain/Notifications/NotificationDomainModels.swift */,
				200000000000000000000266 /* Domain/Workouts/WorkoutProgramDomainModels.swift */,
				200000000000000000000314 /* Domain/IdentityDomainModels.swift */,
				200000000000000000000054 /* Features/Training/Plans/ProgramStore.swift */,
				200000000000000000000055 /* Features/Training/Progress/TrainingProgressStore.swift */,
				200000000000000000000056 /* Features/Training/Library/ExerciseLibraryStore.swift */,
				200000000000000000000057 /* Data/Supabase/SupabaseProfileMapper.swift */,
				200000000000000000000058 /* Domain/Competition/WeightClassCatalog.swift */,
				200000000000000000000260 /* Domain/Competition/LeaderboardDomainModels.swift */,
				200000000000000000000059 /* Features/Competition/CompetitionStore.swift */,
				200000000000000000000074 /* Core/DesignSystem/NumericInputControls.swift */,
					200000000000000000000075 /* Core/DesignSystem/LiftButtonsAndEmptyStates.swift */,
					200000000000000000000076 /* Core/DesignSystem/LiftSurfaces.swift */,
					200000000000000000000077 /* Core/DesignSystem/LiftDesignTokens.swift */,
					200000000000000000000111 /* Core/DesignSystem/FloatingTabBar.swift */,
					200000000000000000000312 /* Core/DesignSystem/MeasurementFormatting.swift */,
					200000000000000000000313 /* Core/DesignSystem/RankingFormatting.swift */,
					200000000000000000000078 /* Features/Profile/AppState+ProfileMedia.swift */,
					200000000000000000000109 /* Features/Training/AppState+TrainingHealth.swift */,
					200000000000000000000079 /* Features/Training/Plans/AppState+TrainingPlans.swift */,
					200000000000000000000080 /* Features/Training/ActiveWorkout/AppState+ActiveWorkout.swift */,
					200000000000000000000110 /* Features/Training/TrainingHealthEntryEditors.swift */,
					200000000000000000000081 /* Features/Profile/AppState+Profile.swift */,
				200000000000000000000084 /* Features/Competition/AppState+Competition.swift */,
				200000000000000000000085 /* App/Session/SessionStore.swift */,
				200000000000000000000105 /* App/Account/AccountSocialStore.swift */,
				200000000000000000000106 /* Core/Analytics/AnalyticsStore.swift */,
				200000000000000000000107 /* Features/Training/Plans/WorkoutProgramTemplateDetailView.swift */,
				200000000000000000000108 /* Features/Training/Substitutes/SubstituteExerciseListView.swift */,
				200000000000000000000086 /* Features/Profile/ProfileStore.swift */,
				200000000000000000000087 /* App/Routing/NotificationRoute.swift */,
				200000000000000000000088 /* Features/Notifications/NotificationStore.swift */,
				200000000000000000000089 /* App/Routing/AppRouter.swift */,
				200000000000000000000090 /* App/Routing/AppState+Routing.swift */,
				200000000000000000000091 /* Data/Local/WorkoutPersistenceStore.swift */,
				200000000000000000000094 /* Data/Demo/DemoCompetitionRepository.swift */,
				200000000000000000000095 /* Data/Demo/DemoProgramRepository.swift */,
				200000000000000000000096 /* Data/Demo/DemoWorkoutRepository.swift */,
				200000000000000000000097 /* Data/Demo/DemoExerciseRepository.swift */,
				200000000000000000000098 /* Data/Demo/DemoTrainingProgressRepository.swift */,
				200000000000000000000099 /* Domain/Repositories/RepositoryProtocols.swift */,
				200000000000000000000100 /* Data/Demo/DemoRepositoryConformances.swift */,
				200000000000000000000102 /* Features/Training/Plans/WorkoutSyncStore.swift */,
				200000000000000000000024 /* MockData/PopularExerciseCatalog.swift */,
				200000000000000000000026 /* MockData/WorkoutProgramCatalog.swift */,
				200000000000000000000031 /* Resources/DemoMedia */,
				200000000000000000000032 /* Assets.xcassets */,
				200000000000000000000033 /* PrivacyInfo.xcprivacy */,
				200000000000000000000036 /* Info.plist */,
			);
			path = LiftRankApp;
			sourceTree = "<group>";
		};
		500000000000000000000003 /* LiftRankTests */ = {
			isa = PBXGroup;
			children = (
			200000000000000000000019 /* RankingCalculatorTests.swift */,
			200000000000000000000030 /* BackendFoundationTests.swift */,
			200000000000000000000311 /* WorkoutPresentationFormattingTests.swift */,
		);
			path = LiftRankTests;
			sourceTree = "<group>";
		};
		500000000000000000000004 /* Products */ = {
			isa = PBXGroup;
			children = (
				200000000000000000000020 /* LiftRank.app */,
				200000000000000000000021 /* LiftRankTests.xctest */,
				200000000000000000000035 /* LiftRankUITests.xctest */,
			);
			name = Products;
			sourceTree = "<group>";
		};
		500000000000000000000005 /* LiftRankUITests */ = {
			isa = PBXGroup;
			children = (
				200000000000000000000034 /* LiftRankUITests.swift */,
			);
			path = LiftRankUITests;
			sourceTree = "<group>";
		};
/* End PBXGroup section */

/* Begin PBXNativeTarget section */
		700000000000000000000001 /* LiftRank */ = {
			isa = PBXNativeTarget;
			buildConfigurationList = 800000000000000000000002 /* Build configuration list for PBXNativeTarget "LiftRank" */;
			buildPhases = (
				600000000000000000000001 /* Sources */,
				400000000000000000000001 /* Frameworks */,
				600000000000000000000002 /* Resources */,
			);
			buildRules = (
			);
			dependencies = (
			);
			name = LiftRank;
			packageProductDependencies = (
				B00000000000000000000001 /* Supabase */,
			);
			productName = LiftRank;
			productReference = 200000000000000000000020 /* LiftRank.app */;
			productType = "com.apple.product-type.application";
		};
		700000000000000000000002 /* LiftRankTests */ = {
			isa = PBXNativeTarget;
			buildConfigurationList = 800000000000000000000003 /* Build configuration list for PBXNativeTarget "LiftRankTests" */;
			buildPhases = (
				600000000000000000000003 /* Sources */,
				400000000000000000000002 /* Frameworks */,
				600000000000000000000004 /* Resources */,
			);
			buildRules = (
			);
			dependencies = (
				300000000000000000000002 /* PBXTargetDependency */,
			);
			name = LiftRankTests;
			productName = LiftRankTests;
			productReference = 200000000000000000000021 /* LiftRankTests.xctest */;
			productType = "com.apple.product-type.bundle.unit-test";
		};
		700000000000000000000003 /* LiftRankUITests */ = {
			isa = PBXNativeTarget;
			buildConfigurationList = 800000000000000000000004 /* Build configuration list for PBXNativeTarget "LiftRankUITests" */;
			buildPhases = (
				600000000000000000000005 /* Sources */,
				400000000000000000000003 /* Frameworks */,
				600000000000000000000006 /* Resources */,
			);
			buildRules = (
			);
			dependencies = (
				300000000000000000000004 /* PBXTargetDependency */,
			);
			name = LiftRankUITests;
			productName = LiftRankUITests;
			productReference = 200000000000000000000035 /* LiftRankUITests.xctest */;
			productType = "com.apple.product-type.bundle.ui-testing";
		};
/* End PBXNativeTarget section */

/* Begin PBXProject section */
		900000000000000000000001 /* Project object */ = {
			isa = PBXProject;
			attributes = {
				BuildIndependentTargetsInParallel = 1;
				LastSwiftUpdateCheck = 2600;
				LastUpgradeCheck = 2600;
				TargetAttributes = {
					700000000000000000000001 = {
						CreatedOnToolsVersion = 26.0;
					};
					700000000000000000000002 = {
						CreatedOnToolsVersion = 26.0;
						TestTargetID = 700000000000000000000001;
					};
					700000000000000000000003 = {
						CreatedOnToolsVersion = 26.0;
						TestTargetID = 700000000000000000000001;
					};
				};
			};
			buildConfigurationList = 800000000000000000000001 /* Build configuration list for PBXProject "LiftRank" */;
			compatibilityVersion = "Xcode 15.0";
			developmentRegion = en;
			hasScannedForEncodings = 0;
			knownRegions = (
				en,
				Base,
			);
			mainGroup = 500000000000000000000001;
			packageReferences = (
				A00000000000000000000001 /* XCRemoteSwiftPackageReference "supabase-swift" */,
			);
			productRefGroup = 500000000000000000000004 /* Products */;
			projectDirPath = "";
			projectRoot = "";
			targets = (
				700000000000000000000001 /* LiftRank */,
				700000000000000000000002 /* LiftRankTests */,
				700000000000000000000003 /* LiftRankUITests */,
			);
		};
/* End PBXProject section */

/* Begin PBXResourcesBuildPhase section */
		600000000000000000000002 /* Resources */ = {
			isa = PBXResourcesBuildPhase;
			buildActionMask = 2147483647;
			files = (
				100000000000000000000030 /* Resources/DemoMedia in Resources */,
				100000000000000000000031 /* Assets.xcassets in Resources */,
				100000000000000000000032 /* PrivacyInfo.xcprivacy in Resources */,
			);
			runOnlyForDeploymentPostprocessing = 0;
		};
		600000000000000000000004 /* Resources */ = {
			isa = PBXResourcesBuildPhase;
			buildActionMask = 2147483647;
			files = (
			);
			runOnlyForDeploymentPostprocessing = 0;
		};
		600000000000000000000006 /* Resources */ = {
			isa = PBXResourcesBuildPhase;
			buildActionMask = 2147483647;
			files = (
			);
			runOnlyForDeploymentPostprocessing = 0;
		};
/* End PBXResourcesBuildPhase section */

/* Begin PBXSourcesBuildPhase section */
		600000000000000000000001 /* Sources */ = {
			isa = PBXSourcesBuildPhase;
			buildActionMask = 2147483647;
			files = (
				100000000000000000000001 /* LiftRankApp.swift in Sources */,
				100000000000000000000002 /* Models/DomainModels.swift in Sources */,
				100000000000000000000003 /* Utilities/RankingCalculator.swift in Sources */,
				100000000000000000000004 /* MockData/MockData.swift in Sources */,
				100000000000000000000005 /* Services/ServiceProtocols.swift in Sources */,
				100000000000000000000006 /* Services/MockServices.swift in Sources */,
				100000000000000000000007 /* Repositories/DemoRepository.swift in Sources */,
				100000000000000000000008 /* ViewModels/AppViewModels.swift in Sources */,
				100000000000000000000009 /* Core/Media/MediaComponents.swift in Sources */,
				100000000000000000000023 /* Components/LeaderboardComponents.swift in Sources */,
					100000000000000000000024 /* MockData/WorkoutProgramCatalog.swift in Sources */,
					100000000000000000000025 /* Models/BackendModels.swift in Sources */,
					100000000000000000000026 /* Services/SupabaseServices.swift in Sources */,
					100000000000000000000201 /* Services/SupabaseServices+Competition.swift in Sources */,
					100000000000000000000202 /* Services/SupabaseServices+Leaderboard.swift in Sources */,
					100000000000000000000137 /* Services/SupabaseServiceSupport.swift in Sources */,
					100000000000000000000138 /* Services/SupabaseServices+Accounts.swift in Sources */,
					100000000000000000000139 /* Services/SupabaseServices+Analytics.swift in Sources */,
						100000000000000000000315 /* Services/SupabaseServices+ExerciseCatalog.swift in Sources */,
						100000000000000000000316 /* Services/SupabaseServices+Gyms.swift in Sources */,
						100000000000000000000141 /* Services/SupabaseServices+Compliance.swift in Sources */,
					100000000000000000000142 /* Services/SupabaseServices+MediaUpload.swift in Sources */,
					100000000000000000000144 /* Services/SupabaseServices+Notifications.swift in Sources */,
					100000000000000000000145 /* Services/SupabaseServices+Social.swift in Sources */,
					100000000000000000000146 /* Services/SupabaseServices+Verification.swift in Sources */,
					100000000000000000000147 /* Services/SupabaseServices+WorkoutSync.swift in Sources */,
					100000000000000000000027 /* Services/AppServiceContainer.swift in Sources */,
					100000000000000000000010 /* Views/MainTabView.swift in Sources */,
					100000000000000000000011 /* Views/OnboardingView.swift in Sources */,
					100000000000000000000012 /* Views/HomeView.swift in Sources */,
					100000000000000000000151 /* Features/Home/HomeFeatureComponents.swift in Sources */,
					100000000000000000000128 /* Features/Home/HomeOverlays.swift in Sources */,
					100000000000000000000129 /* Features/Home/HomeSections.swift in Sources */,
					100000000000000000000013 /* Views/SubmitLiftView.swift in Sources */,
					100000000000000000000014 /* Views/LeaderboardsView.swift in Sources */,
					100000000000000000000130 /* Features/Leaderboard/LeaderboardsViewSections.swift in Sources */,
					100000000000000000000152 /* Features/Leaderboard/LeaderboardRowAndFilters.swift in Sources */,
					100000000000000000000156 /* Features/Leaderboard/LeaderboardsLogic.swift in Sources */,
					100000000000000000000016 /* Views/ProfileView.swift in Sources */,
					100000000000000000000131 /* Features/Profile/ProfileViewSections.swift in Sources */,
					100000000000000000000153 /* Features/Profile/ProfileContentViews.swift in Sources */,
					100000000000000000000155 /* Features/Profile/ProfileLogic.swift in Sources */,
					100000000000000000000017 /* Views/ModeratorReviewView.swift in Sources */,
					100000000000000000000018 /* Views/SettingsView.swift in Sources */,
					100000000000000000000020 /* Views/Previews.swift in Sources */,
					100000000000000000000021 /* Views/TrainingTrackerView.swift in Sources */,
					100000000000000000000133 /* Features/TrainingTracker/TrainingTrackerView+Sections.swift in Sources */,
					100000000000000000000134 /* Features/TrainingTracker/TrainingTrackerPlateauCard.swift in Sources */,
					100000000000000000000135 /* Features/TrainingTracker/TrainingTrackerFeatureComponents.swift in Sources */,
					100000000000000000000136 /* Features/TrainingTracker/TrainingTrackerView+State.swift in Sources */,
					100000000000000000000148 /* Features/TrainingTracker/TrainingTrackerForms.swift in Sources */,
					100000000000000000000154 /* Features/TrainingTracker/TrainingTrackerLibraryComponents.swift in Sources */,
					100000000000000000000034 /* Features/Training/Today/TrainingTodayView.swift in Sources */,
				100000000000000000000035 /* Features/Training/Plans/TrainingPlansView.swift in Sources */,
				100000000000000000000036 /* Features/Training/TrainingSharedComponents.swift in Sources */,
				100000000000000000000037 /* Features/Training/Plans/ProgramSessionCard.swift in Sources */,
				100000000000000000000038 /* Features/Training/Plans/ProgramPlanDetailView.swift in Sources */,
				100000000000000000000039 /* Features/Training/Progress/WorkoutHistoryCalendar.swift in Sources */,
				100000000000000000000040 /* Features/Training/Progress/TrainingProgressView.swift in Sources */,
				100000000000000000000041 /* Features/Training/Library/TrainingLibraryView.swift in Sources */,
				100000000000000000000149 /* Features/Training/Library/ExerciseLibraryPresentation.swift in Sources */,
				100000000000000000000157 /* Features/Training/Library/ExerciseCatalogIcon.swift in Sources */,
				100000000000000000000158 /* Features/Training/Library/ExerciseLibraryDetailView.swift in Sources */,
				100000000000000000000159 /* Features/Training/Library/ExerciseMuscleMapView.swift in Sources */,
				100000000000000000000042 /* Features/Training/Summary/WorkoutSummaryView.swift in Sources */,
				100000000000000000000043 /* Features/Training/CompletedWorkout/CompletedWorkoutDetailView.swift in Sources */,
				100000000000000000000044 /* Features/Training/ActiveWorkout/ActiveWorkoutAddExercisePickerView.swift in Sources */,
				100000000000000000000045 /* Features/Training/ActiveWorkout/WorkoutSessionRunView.swift in Sources */,
				100000000000000000000046 /* Features/Training/ActiveWorkout/PrescriptionTrackView.swift in Sources */,
				100000000000000000000047 /* Features/Training/ActiveWorkout/WorkoutSetLogRow.swift in Sources */,
				100000000000000000000048 /* Features/Training/ActiveWorkout/ActiveWorkoutStore.swift in Sources */,
				100000000000000000000049 /* Core/Notifications/WorkoutRestNotificationScheduler.swift in Sources */,
				100000000000000000000050 /* Domain/Workouts/WorkoutPRDetector.swift in Sources */,
				100000000000000000000051 /* Features/Training/Plans/ProgramStore.swift in Sources */,
				100000000000000000000052 /* Features/Training/Progress/TrainingProgressStore.swift in Sources */,
				100000000000000000000053 /* Features/Training/Library/ExerciseLibraryStore.swift in Sources */,
				100000000000000000000054 /* Data/Supabase/SupabaseProfileMapper.swift in Sources */,
				100000000000000000000055 /* Domain/Competition/WeightClassCatalog.swift in Sources */,
				100000000000000000000260 /* Domain/Competition/LeaderboardDomainModels.swift in Sources */,
				100000000000000000000320 /* Domain/Workouts/ExerciseDomainModels.swift in Sources */,
				100000000000000000000321 /* Domain/Workouts/WorkoutHistoryDomainModels.swift in Sources */,
				100000000000000000000322 /* Domain/Workouts/WorkoutDateHelpers.swift in Sources */,
				100000000000000000000261 /* Domain/Workouts/TrainingHealthDomainModels.swift in Sources */,
				100000000000000000000263 /* Domain/Workouts/ProgressDomainModels.swift in Sources */,
				100000000000000000000265 /* Domain/Notifications/NotificationDomainModels.swift in Sources */,
				100000000000000000000266 /* Domain/Workouts/WorkoutProgramDomainModels.swift in Sources */,
				100000000000000000000314 /* Domain/IdentityDomainModels.swift in Sources */,
				100000000000000000000056 /* Features/Competition/CompetitionStore.swift in Sources */,
				100000000000000000000071 /* Core/DesignSystem/NumericInputControls.swift in Sources */,
					100000000000000000000072 /* Core/DesignSystem/LiftButtonsAndEmptyStates.swift in Sources */,
					100000000000000000000073 /* Core/DesignSystem/LiftSurfaces.swift in Sources */,
					100000000000000000000074 /* Core/DesignSystem/LiftDesignTokens.swift in Sources */,
					100000000000000000000108 /* Core/DesignSystem/FloatingTabBar.swift in Sources */,
					100000000000000000000312 /* Core/DesignSystem/MeasurementFormatting.swift in Sources */,
					100000000000000000000313 /* Core/DesignSystem/RankingFormatting.swift in Sources */,
					100000000000000000000075 /* Features/Profile/AppState+ProfileMedia.swift in Sources */,
					100000000000000000000076 /* Features/Training/Plans/AppState+TrainingPlans.swift in Sources */,
					100000000000000000000077 /* Features/Training/ActiveWorkout/AppState+ActiveWorkout.swift in Sources */,
					100000000000000000000107 /* Features/Training/TrainingHealthEntryEditors.swift in Sources */,
					100000000000000000000106 /* Features/Training/AppState+TrainingHealth.swift in Sources */,
					100000000000000000000078 /* Features/Profile/AppState+Profile.swift in Sources */,
				100000000000000000000081 /* Features/Competition/AppState+Competition.swift in Sources */,
				100000000000000000000082 /* App/Session/SessionStore.swift in Sources */,
				100000000000000000000083 /* Features/Profile/ProfileStore.swift in Sources */,
				100000000000000000000084 /* App/Routing/NotificationRoute.swift in Sources */,
				100000000000000000000085 /* Features/Notifications/NotificationStore.swift in Sources */,
				100000000000000000000086 /* App/Routing/AppRouter.swift in Sources */,
				100000000000000000000087 /* App/Routing/AppState+Routing.swift in Sources */,
				100000000000000000000088 /* Data/Local/WorkoutPersistenceStore.swift in Sources */,
				100000000000000000000091 /* Data/Demo/DemoCompetitionRepository.swift in Sources */,
				100000000000000000000092 /* Data/Demo/DemoProgramRepository.swift in Sources */,
				100000000000000000000093 /* Data/Demo/DemoWorkoutRepository.swift in Sources */,
				100000000000000000000094 /* Data/Demo/DemoExerciseRepository.swift in Sources */,
				100000000000000000000095 /* Data/Demo/DemoTrainingProgressRepository.swift in Sources */,
				100000000000000000000096 /* Domain/Repositories/RepositoryProtocols.swift in Sources */,
				100000000000000000000097 /* Data/Demo/DemoRepositoryConformances.swift in Sources */,
				100000000000000000000099 /* Features/Training/Plans/WorkoutSyncStore.swift in Sources */,
				100000000000000000000100 /* Core/Media/WorkoutVideoStore.swift in Sources */,
				100000000000000000000101 /* Features/Training/ActiveWorkout/WorkoutPRSubmissionStore.swift in Sources */,
				100000000000000000000102 /* App/Account/AccountSocialStore.swift in Sources */,
				100000000000000000000103 /* Core/Analytics/AnalyticsStore.swift in Sources */,
				100000000000000000000104 /* Features/Training/Plans/WorkoutProgramTemplateDetailView.swift in Sources */,
				100000000000000000000105 /* Features/Training/Substitutes/SubstituteExerciseListView.swift in Sources */,
				100000000000000000000022 /* MockData/PopularExerciseCatalog.swift in Sources */,
			);
			runOnlyForDeploymentPostprocessing = 0;
		};
		600000000000000000000003 /* Sources */ = {
			isa = PBXSourcesBuildPhase;
			buildActionMask = 2147483647;
			files = (
					100000000000000000000019 /* RankingCalculatorTests.swift in Sources */,
					100000000000000000000029 /* BackendFoundationTests.swift in Sources */,
					100000000000000000000323 /* WorkoutPresentationFormattingTests.swift in Sources */,
				);
			runOnlyForDeploymentPostprocessing = 0;
		};
		600000000000000000000005 /* Sources */ = {
			isa = PBXSourcesBuildPhase;
			buildActionMask = 2147483647;
			files = (
				100000000000000000000033 /* LiftRankUITests.swift in Sources */,
			);
			runOnlyForDeploymentPostprocessing = 0;
		};
/* End PBXSourcesBuildPhase section */

/* Begin PBXTargetDependency section */
		300000000000000000000002 /* PBXTargetDependency */ = {
			isa = PBXTargetDependency;
			target = 700000000000000000000001 /* LiftRank */;
			targetProxy = 300000000000000000000001 /* PBXContainerItemProxy */;
		};
		300000000000000000000004 /* PBXTargetDependency */ = {
			isa = PBXTargetDependency;
			target = 700000000000000000000001 /* LiftRank */;
			targetProxy = 300000000000000000000003 /* PBXContainerItemProxy */;
		};
/* End PBXTargetDependency section */

/* Begin XCBuildConfiguration section */
		810000000000000000000001 /* Debug */ = {
			isa = XCBuildConfiguration;
			buildSettings = {
				ALWAYS_SEARCH_USER_PATHS = NO;
				CLANG_ANALYZER_NONNULL = YES;
				CLANG_ANALYZER_NUMBER_OBJECT_CONVERSION = YES_AGGRESSIVE;
				CLANG_CXX_LANGUAGE_STANDARD = "gnu++20";
				CLANG_ENABLE_MODULES = YES;
				CLANG_ENABLE_OBJC_ARC = YES;
				CLANG_ENABLE_OBJC_WEAK = YES;
				CLANG_WARN_BLOCK_CAPTURE_AUTORELEASING = YES;
				CLANG_WARN_BOOL_CONVERSION = YES;
				CLANG_WARN_COMMA = YES;
				CLANG_WARN_CONSTANT_CONVERSION = YES;
				CLANG_WARN_DEPRECATED_OBJC_IMPLEMENTATIONS = YES;
				CLANG_WARN_DIRECT_OBJC_ISA_USAGE = YES_ERROR;
				CLANG_WARN_DOCUMENTATION_COMMENTS = YES;
				CLANG_WARN_EMPTY_BODY = YES;
				CLANG_WARN_ENUM_CONVERSION = YES;
				CLANG_WARN_INFINITE_RECURSION = YES;
				CLANG_WARN_INT_CONVERSION = YES;
				CLANG_WARN_NON_LITERAL_NULL_CONVERSION = YES;
				CLANG_WARN_OBJC_IMPLICIT_RETAIN_SELF = YES;
				CLANG_WARN_OBJC_LITERAL_CONVERSION = YES;
				CLANG_WARN_OBJC_ROOT_CLASS = YES_ERROR;
				CLANG_WARN_QUOTED_INCLUDE_IN_FRAMEWORK_HEADER = YES;
				CLANG_WARN_RANGE_LOOP_ANALYSIS = YES;
				CLANG_WARN_STRICT_PROTOTYPES = YES;
				CLANG_WARN_SUSPICIOUS_MOVE = YES;
				CLANG_WARN_UNGUARDED_AVAILABILITY = YES_AGGRESSIVE;
				CLANG_WARN_UNREACHABLE_CODE = YES;
				CLANG_WARN__DUPLICATE_METHOD_MATCH = YES;
				COPY_PHASE_STRIP = NO;
				DEBUG_INFORMATION_FORMAT = dwarf;
				ENABLE_STRICT_OBJC_MSGSEND = YES;
				ENABLE_TESTABILITY = YES;
				ENABLE_USER_SCRIPT_SANDBOXING = YES;
				GCC_C_LANGUAGE_STANDARD = gnu17;
				GCC_DYNAMIC_NO_PIC = NO;
				GCC_NO_COMMON_BLOCKS = YES;
				GCC_OPTIMIZATION_LEVEL = 0;
				GCC_PREPROCESSOR_DEFINITIONS = (
					"DEBUG=1",
					"$(inherited)",
				);
				GCC_WARN_64_TO_32_BIT_CONVERSION = YES;
				GCC_WARN_ABOUT_RETURN_TYPE = YES_ERROR;
				GCC_WARN_UNDECLARED_SELECTOR = YES;
				GCC_WARN_UNINITIALIZED_AUTOS = YES_AGGRESSIVE;
				GCC_WARN_UNUSED_FUNCTION = YES;
				GCC_WARN_UNUSED_VARIABLE = YES;
				IPHONEOS_DEPLOYMENT_TARGET = 17.0;
				MTL_ENABLE_DEBUG_INFO = INCLUDE_SOURCE;
				MTL_FAST_MATH = YES;
				ONLY_ACTIVE_ARCH = YES;
				SDKROOT = iphoneos;
				SWIFT_ACTIVE_COMPILATION_CONDITIONS = DEBUG;
				SWIFT_OPTIMIZATION_LEVEL = "-Onone";
			};
			name = Debug;
		};
		810000000000000000000002 /* Release */ = {
			isa = XCBuildConfiguration;
			buildSettings = {
				ALWAYS_SEARCH_USER_PATHS = NO;
				CLANG_ANALYZER_NONNULL = YES;
				CLANG_ANALYZER_NUMBER_OBJECT_CONVERSION = YES_AGGRESSIVE;
				CLANG_CXX_LANGUAGE_STANDARD = "gnu++20";
				CLANG_ENABLE_MODULES = YES;
				CLANG_ENABLE_OBJC_ARC = YES;
				CLANG_ENABLE_OBJC_WEAK = YES;
				CLANG_WARN_BLOCK_CAPTURE_AUTORELEASING = YES;
				CLANG_WARN_BOOL_CONVERSION = YES;
				CLANG_WARN_COMMA = YES;
				CLANG_WARN_CONSTANT_CONVERSION = YES;
				CLANG_WARN_DEPRECATED_OBJC_IMPLEMENTATIONS = YES;
				CLANG_WARN_DIRECT_OBJC_ISA_USAGE = YES_ERROR;
				CLANG_WARN_DOCUMENTATION_COMMENTS = YES;
				CLANG_WARN_EMPTY_BODY = YES;
				CLANG_WARN_ENUM_CONVERSION = YES;
				CLANG_WARN_INFINITE_RECURSION = YES;
				CLANG_WARN_INT_CONVERSION = YES;
				CLANG_WARN_NON_LITERAL_NULL_CONVERSION = YES;
				CLANG_WARN_OBJC_IMPLICIT_RETAIN_SELF = YES;
				CLANG_WARN_OBJC_LITERAL_CONVERSION = YES;
				CLANG_WARN_OBJC_ROOT_CLASS = YES_ERROR;
				CLANG_WARN_QUOTED_INCLUDE_IN_FRAMEWORK_HEADER = YES;
				CLANG_WARN_RANGE_LOOP_ANALYSIS = YES;
				CLANG_WARN_STRICT_PROTOTYPES = YES;
				CLANG_WARN_SUSPICIOUS_MOVE = YES;
				CLANG_WARN_UNGUARDED_AVAILABILITY = YES_AGGRESSIVE;
				CLANG_WARN_UNREACHABLE_CODE = YES;
				CLANG_WARN__DUPLICATE_METHOD_MATCH = YES;
				COPY_PHASE_STRIP = NO;
				DEBUG_INFORMATION_FORMAT = "dwarf-with-dsym";
				ENABLE_NS_ASSERTIONS = NO;
				ENABLE_STRICT_OBJC_MSGSEND = YES;
				ENABLE_USER_SCRIPT_SANDBOXING = YES;
				GCC_C_LANGUAGE_STANDARD = gnu17;
				GCC_NO_COMMON_BLOCKS = YES;
				GCC_WARN_64_TO_32_BIT_CONVERSION = YES;
				GCC_WARN_ABOUT_RETURN_TYPE = YES_ERROR;
				GCC_WARN_UNDECLARED_SELECTOR = YES;
				GCC_WARN_UNINITIALIZED_AUTOS = YES_AGGRESSIVE;
				GCC_WARN_UNUSED_FUNCTION = YES;
				GCC_WARN_UNUSED_VARIABLE = YES;
				IPHONEOS_DEPLOYMENT_TARGET = 17.0;
				MTL_ENABLE_DEBUG_INFO = NO;
				MTL_FAST_MATH = YES;
				SDKROOT = iphoneos;
				SWIFT_COMPILATION_MODE = wholemodule;
				VALIDATE_PRODUCT = YES;
			};
			name = Release;
		};
		810000000000000000000003 /* Debug */ = {
			isa = XCBuildConfiguration;
			buildSettings = {
				ASSETCATALOG_COMPILER_APPICON_NAME = AppIcon;
				ASSETCATALOG_COMPILER_GLOBAL_ACCENT_COLOR_NAME = AccentColor;
				CODE_SIGN_ENTITLEMENTS = LiftRankApp/LiftRankDebug.entitlements;
				CODE_SIGN_STYLE = Automatic;
				CURRENT_PROJECT_VERSION = 2;
				DEVELOPMENT_ASSET_PATHS = "";
				DEVELOPMENT_TEAM = 32TGWTQNP8;
				ENABLE_PREVIEWS = YES;
				GENERATE_INFOPLIST_FILE = NO;
				INFOPLIST_FILE = LiftRankApp/Info.plist;
				APS_ENVIRONMENT = development;
				IPHONEOS_DEPLOYMENT_TARGET = 17.0;
				LD_RUNPATH_SEARCH_PATHS = (
					"$(inherited)",
					"@executable_path/Frameworks",
				);
				MARKETING_VERSION = 1.0.0;
				PRODUCT_BUNDLE_IDENTIFIER = com.liftrank.app;
				PRODUCT_NAME = LiftRank;
				LIFTRANK_BACKEND_ENVIRONMENT = staging;
				LIFTRANK_SUPABASE_ANON_KEY = "sb_publishable_-E0_LDnNoeWSsumsaRn1ww_gPYt89mY";
				LIFTRANK_SUPABASE_URL = "https://dfpvamnucwyafxklnjwt.supabase.co";
				SUPPORTED_PLATFORMS = "iphoneos iphonesimulator";
				SWIFT_VERSION = 5.0;
				TARGETED_DEVICE_FAMILY = 1;
			};
			name = Debug;
		};
		810000000000000000000004 /* Release */ = {
			isa = XCBuildConfiguration;
			buildSettings = {
				ASSETCATALOG_COMPILER_APPICON_NAME = AppIcon;
				ASSETCATALOG_COMPILER_GLOBAL_ACCENT_COLOR_NAME = AccentColor;
				CODE_SIGN_ENTITLEMENTS = LiftRankApp/LiftRank.entitlements;
				CODE_SIGN_STYLE = Automatic;
				CURRENT_PROJECT_VERSION = 2;
				DEVELOPMENT_ASSET_PATHS = "";
				DEVELOPMENT_TEAM = 32TGWTQNP8;
				ENABLE_PREVIEWS = YES;
				GENERATE_INFOPLIST_FILE = NO;
				INFOPLIST_FILE = LiftRankApp/Info.plist;
				APS_ENVIRONMENT = production;
				IPHONEOS_DEPLOYMENT_TARGET = 17.0;
				LD_RUNPATH_SEARCH_PATHS = (
					"$(inherited)",
					"@executable_path/Frameworks",
				);
				MARKETING_VERSION = 1.0.0;
				PRODUCT_BUNDLE_IDENTIFIER = com.liftrank.app;
				PRODUCT_NAME = LiftRank;
				LIFTRANK_BACKEND_ENVIRONMENT = production;
				LIFTRANK_SUPABASE_ANON_KEY = "sb_publishable_YpotEpinEWsC2dI7FIKI";
				LIFTRANK_SUPABASE_URL = "https://ikjgbsrlriqiusuvezco.supabase.co";
				SUPPORTED_PLATFORMS = "iphoneos iphonesimulator";
				SWIFT_VERSION = 5.0;
				TARGETED_DEVICE_FAMILY = 1;
			};
			name = Release;
		};
		810000000000000000000005 /* Debug */ = {
			isa = XCBuildConfiguration;
			buildSettings = {
				BUNDLE_LOADER = "$(TEST_HOST)";
				CODE_SIGN_STYLE = Automatic;
				CURRENT_PROJECT_VERSION = 1;
				GENERATE_INFOPLIST_FILE = YES;
				IPHONEOS_DEPLOYMENT_TARGET = 17.0;
				LD_RUNPATH_SEARCH_PATHS = (
					"$(inherited)",
					"@executable_path/Frameworks",
					"@loader_path/Frameworks",
				);
				MARKETING_VERSION = 1.0;
				PRODUCT_BUNDLE_IDENTIFIER = com.liftrank.app.tests;
				PRODUCT_NAME = "$(TARGET_NAME)";
				SUPPORTED_PLATFORMS = "iphoneos iphonesimulator";
				SWIFT_VERSION = 5.0;
				TARGETED_DEVICE_FAMILY = 1;
				TEST_HOST = "$(BUILT_PRODUCTS_DIR)/LiftRank.app/LiftRank";
			};
			name = Debug;
		};
		810000000000000000000006 /* Release */ = {
			isa = XCBuildConfiguration;
			buildSettings = {
				BUNDLE_LOADER = "$(TEST_HOST)";
				CODE_SIGN_STYLE = Automatic;
				CURRENT_PROJECT_VERSION = 1;
				GENERATE_INFOPLIST_FILE = YES;
				IPHONEOS_DEPLOYMENT_TARGET = 17.0;
				LD_RUNPATH_SEARCH_PATHS = (
					"$(inherited)",
					"@executable_path/Frameworks",
					"@loader_path/Frameworks",
				);
				MARKETING_VERSION = 1.0;
				PRODUCT_BUNDLE_IDENTIFIER = com.liftrank.app.tests;
				PRODUCT_NAME = "$(TARGET_NAME)";
				SUPPORTED_PLATFORMS = "iphoneos iphonesimulator";
				SWIFT_VERSION = 5.0;
				TARGETED_DEVICE_FAMILY = 1;
				TEST_HOST = "$(BUILT_PRODUCTS_DIR)/LiftRank.app/LiftRank";
			};
			name = Release;
		};
		810000000000000000000007 /* Debug */ = {
			isa = XCBuildConfiguration;
			buildSettings = {
				CODE_SIGN_STYLE = Automatic;
				CURRENT_PROJECT_VERSION = 2;
				DEVELOPMENT_TEAM = 32TGWTQNP8;
				GENERATE_INFOPLIST_FILE = YES;
				IPHONEOS_DEPLOYMENT_TARGET = 17.0;
				MARKETING_VERSION = 1.0.0;
				PRODUCT_BUNDLE_IDENTIFIER = com.liftrank.app.uitests;
				PRODUCT_NAME = "$(TARGET_NAME)";
				SUPPORTED_PLATFORMS = "iphoneos iphonesimulator";
				SWIFT_VERSION = 5.0;
				TARGETED_DEVICE_FAMILY = 1;
				TEST_TARGET_NAME = LiftRank;
			};
			name = Debug;
		};
		810000000000000000000008 /* Release */ = {
			isa = XCBuildConfiguration;
			buildSettings = {
				CODE_SIGN_STYLE = Automatic;
				CURRENT_PROJECT_VERSION = 2;
				DEVELOPMENT_TEAM = 32TGWTQNP8;
				GENERATE_INFOPLIST_FILE = YES;
				IPHONEOS_DEPLOYMENT_TARGET = 17.0;
				MARKETING_VERSION = 1.0.0;
				PRODUCT_BUNDLE_IDENTIFIER = com.liftrank.app.uitests;
				PRODUCT_NAME = "$(TARGET_NAME)";
				SUPPORTED_PLATFORMS = "iphoneos iphonesimulator";
				SWIFT_VERSION = 5.0;
				TARGETED_DEVICE_FAMILY = 1;
				TEST_TARGET_NAME = LiftRank;
			};
			name = Release;
		};
/* End XCBuildConfiguration section */

/* Begin XCConfigurationList section */
		800000000000000000000001 /* Build configuration list for PBXProject "LiftRank" */ = {
			isa = XCConfigurationList;
			buildConfigurations = (
				810000000000000000000001 /* Debug */,
				810000000000000000000002 /* Release */,
			);
			defaultConfigurationIsVisible = 0;
			defaultConfigurationName = Release;
		};
		800000000000000000000002 /* Build configuration list for PBXNativeTarget "LiftRank" */ = {
			isa = XCConfigurationList;
			buildConfigurations = (
				810000000000000000000003 /* Debug */,
				810000000000000000000004 /* Release */,
			);
			defaultConfigurationIsVisible = 0;
			defaultConfigurationName = Release;
		};
		800000000000000000000003 /* Build configuration list for PBXNativeTarget "LiftRankTests" */ = {
			isa = XCConfigurationList;
			buildConfigurations = (
				810000000000000000000005 /* Debug */,
				810000000000000000000006 /* Release */,
			);
			defaultConfigurationIsVisible = 0;
			defaultConfigurationName = Release;
		};
		800000000000000000000004 /* Build configuration list for PBXNativeTarget "LiftRankUITests" */ = {
			isa = XCConfigurationList;
			buildConfigurations = (
				810000000000000000000007 /* Debug */,
				810000000000000000000008 /* Release */,
			);
			defaultConfigurationIsVisible = 0;
			defaultConfigurationName = Release;
		};
/* End XCConfigurationList section */

/* Begin XCRemoteSwiftPackageReference section */
		A00000000000000000000001 /* XCRemoteSwiftPackageReference "supabase-swift" */ = {
			isa = XCRemoteSwiftPackageReference;
			repositoryURL = "https://github.com/supabase/supabase-swift.git";
			requirement = {
				kind = exactVersion;
				version = 2.51.0;
			};
		};
/* End XCRemoteSwiftPackageReference section */

/* Begin XCSwiftPackageProductDependency section */
		B00000000000000000000001 /* Supabase */ = {
			isa = XCSwiftPackageProductDependency;
			package = A00000000000000000000001 /* XCRemoteSwiftPackageReference "supabase-swift" */;
			productName = Supabase;
		};
/* End XCSwiftPackageProductDependency section */
	};
	rootObject = 900000000000000000000001 /* Project object */;
}
