// !$*UTF8*$!
{
	archiveVersion = 1;
	classes = {
	};
	objectVersion = 60;
	objects = {

/* Begin PBXBuildFile section */
		100000000000000000000001 /* LiftRankApp.swift in Sources */ = {isa = PBXBuildFile; fileRef = 200000000000000000000001 /* LiftRankApp.swift */; };
		100000000000000000000002 /* Models/DomainModels.swift in Sources */ = {isa = PBXBuildFile; fileRef = 200000000000000000000002 /* Models/DomainModels.swift */; };
		100000000000000000000003 /* Utilities/RankingCalculator.swift in Sources */ = {isa = PBXBuildFile; fileRef = 200000000000000000000003 /* Utilities/RankingCalculator.swift */; };
		100000000000000000000004 /* MockData/MockData.swift in Sources */ = {isa = PBXBuildFile; fileRef = 200000000000000000000004 /* MockData/MockData.swift */; };
		100000000000000000000005 /* Services/ServiceProtocols.swift in Sources */ = {isa = PBXBuildFile; fileRef = 200000000000000000000005 /* Services/ServiceProtocols.swift */; };
		100000000000000000000006 /* Services/MockServices.swift in Sources */ = {isa = PBXBuildFile; fileRef = 200000000000000000000006 /* Services/MockServices.swift */; };
		100000000000000000000007 /* Repositories/DemoRepository.swift in Sources */ = {isa = PBXBuildFile; fileRef = 200000000000000000000007 /* Repositories/DemoRepository.swift */; };
		100000000000000000000008 /* ViewModels/AppViewModels.swift in Sources */ = {isa = PBXBuildFile; fileRef = 200000000000000000000008 /* ViewModels/AppViewModels.swift */; };
		100000000000000000000009 /* Components/UIComponents.swift in Sources */ = {isa = PBXBuildFile; fileRef = 200000000000000000000009 /* Components/UIComponents.swift */; };
		100000000000000000000010 /* Views/MainTabView.swift in Sources */ = {isa = PBXBuildFile; fileRef = 200000000000000000000010 /* Views/MainTabView.swift */; };
		100000000000000000000011 /* Views/OnboardingView.swift in Sources */ = {isa = PBXBuildFile; fileRef = 200000000000000000000011 /* Views/OnboardingView.swift */; };
		100000000000000000000012 /* Views/HomeView.swift in Sources */ = {isa = PBXBuildFile; fileRef = 200000000000000000000012 /* Views/HomeView.swift */; };
		100000000000000000000013 /* Views/SubmitLiftView.swift in Sources */ = {isa = PBXBuildFile; fileRef = 200000000000000000000013 /* Views/SubmitLiftView.swift */; };
		100000000000000000000014 /* Views/LeaderboardsView.swift in Sources */ = {isa = PBXBuildFile; fileRef = 200000000000000000000014 /* Views/LeaderboardsView.swift */; };
		100000000000000000000015 /* Views/CommunityView.swift in Sources */ = {isa = PBXBuildFile; fileRef = 200000000000000000000015 /* Views/CommunityView.swift */; };
		100000000000000000000016 /* Views/ProfileView.swift in Sources */ = {isa = PBXBuildFile; fileRef = 200000000000000000000016 /* Views/ProfileView.swift */; };
		100000000000000000000017 /* Views/ModeratorReviewView.swift in Sources */ = {isa = PBXBuildFile; fileRef = 200000000000000000000017 /* Views/ModeratorReviewView.swift */; };
		100000000000000000000018 /* Views/SettingsView.swift in Sources */ = {isa = PBXBuildFile; fileRef = 200000000000000000000018 /* Views/SettingsView.swift */; };
		100000000000000000000019 /* RankingCalculatorTests.swift in Sources */ = {isa = PBXBuildFile; fileRef = 200000000000000000000019 /* RankingCalculatorTests.swift */; };
		100000000000000000000020 /* Views/Previews.swift in Sources */ = {isa = PBXBuildFile; fileRef = 200000000000000000000022 /* Views/Previews.swift */; };
		100000000000000000000021 /* Views/TrainingTrackerView.swift in Sources */ = {isa = PBXBuildFile; fileRef = 200000000000000000000023 /* Views/TrainingTrackerView.swift */; };
		100000000000000000000022 /* MockData/PopularExerciseCatalog.swift in Sources */ = {isa = PBXBuildFile; fileRef = 200000000000000000000024 /* MockData/PopularExerciseCatalog.swift */; };
		100000000000000000000023 /* Components/LeaderboardComponents.swift in Sources */ = {isa = PBXBuildFile; fileRef = 200000000000000000000025 /* Components/LeaderboardComponents.swift */; };
		100000000000000000000024 /* Services/SupabaseMobileSync.swift in Sources */ = {isa = PBXBuildFile; fileRef = 200000000000000000000026 /* Services/SupabaseMobileSync.swift */; };
/* End PBXBuildFile section */

/* Begin PBXContainerItemProxy section */
		300000000000000000000001 /* PBXContainerItemProxy */ = {
			isa = PBXContainerItemProxy;
			containerPortal = 900000000000000000000001 /* Project object */;
			proxyType = 1;
			remoteGlobalIDString = 700000000000000000000001;
			remoteInfo = LiftRank;
		};
/* End PBXContainerItemProxy section */

/* Begin PBXFileReference section */
		200000000000000000000001 /* LiftRankApp.swift */ = {isa = PBXFileReference; lastKnownFileType = sourcecode.swift; path = LiftRankApp.swift; sourceTree = "<group>"; };
		200000000000000000000002 /* Models/DomainModels.swift */ = {isa = PBXFileReference; lastKnownFileType = sourcecode.swift; path = Models/DomainModels.swift; sourceTree = "<group>"; };
		200000000000000000000003 /* Utilities/RankingCalculator.swift */ = {isa = PBXFileReference; lastKnownFileType = sourcecode.swift; path = Utilities/RankingCalculator.swift; sourceTree = "<group>"; };
		200000000000000000000004 /* MockData/MockData.swift */ = {isa = PBXFileReference; lastKnownFileType = sourcecode.swift; path = MockData/MockData.swift; sourceTree = "<group>"; };
		200000000000000000000005 /* Services/ServiceProtocols.swift */ = {isa = PBXFileReference; lastKnownFileType = sourcecode.swift; path = Services/ServiceProtocols.swift; sourceTree = "<group>"; };
		200000000000000000000006 /* Services/MockServices.swift */ = {isa = PBXFileReference; lastKnownFileType = sourcecode.swift; path = Services/MockServices.swift; sourceTree = "<group>"; };
		200000000000000000000007 /* Repositories/DemoRepository.swift */ = {isa = PBXFileReference; lastKnownFileType = sourcecode.swift; path = Repositories/DemoRepository.swift; sourceTree = "<group>"; };
		200000000000000000000008 /* ViewModels/AppViewModels.swift */ = {isa = PBXFileReference; lastKnownFileType = sourcecode.swift; path = ViewModels/AppViewModels.swift; sourceTree = "<group>"; };
		200000000000000000000009 /* Components/UIComponents.swift */ = {isa = PBXFileReference; lastKnownFileType = sourcecode.swift; path = Components/UIComponents.swift; sourceTree = "<group>"; };
		200000000000000000000010 /* Views/MainTabView.swift */ = {isa = PBXFileReference; lastKnownFileType = sourcecode.swift; path = Views/MainTabView.swift; sourceTree = "<group>"; };
		200000000000000000000011 /* Views/OnboardingView.swift */ = {isa = PBXFileReference; lastKnownFileType = sourcecode.swift; path = Views/OnboardingView.swift; sourceTree = "<group>"; };
		200000000000000000000012 /* Views/HomeView.swift */ = {isa = PBXFileReference; lastKnownFileType = sourcecode.swift; path = Views/HomeView.swift; sourceTree = "<group>"; };
		200000000000000000000013 /* Views/SubmitLiftView.swift */ = {isa = PBXFileReference; lastKnownFileType = sourcecode.swift; path = Views/SubmitLiftView.swift; sourceTree = "<group>"; };
		200000000000000000000014 /* Views/LeaderboardsView.swift */ = {isa = PBXFileReference; lastKnownFileType = sourcecode.swift; path = Views/LeaderboardsView.swift; sourceTree = "<group>"; };
		200000000000000000000015 /* Views/CommunityView.swift */ = {isa = PBXFileReference; lastKnownFileType = sourcecode.swift; path = Views/CommunityView.swift; sourceTree = "<group>"; };
		200000000000000000000016 /* Views/ProfileView.swift */ = {isa = PBXFileReference; lastKnownFileType = sourcecode.swift; path = Views/ProfileView.swift; sourceTree = "<group>"; };
		200000000000000000000017 /* Views/ModeratorReviewView.swift */ = {isa = PBXFileReference; lastKnownFileType = sourcecode.swift; path = Views/ModeratorReviewView.swift; sourceTree = "<group>"; };
		200000000000000000000018 /* Views/SettingsView.swift */ = {isa = PBXFileReference; lastKnownFileType = sourcecode.swift; path = Views/SettingsView.swift; sourceTree = "<group>"; };
		200000000000000000000019 /* RankingCalculatorTests.swift */ = {isa = PBXFileReference; lastKnownFileType = sourcecode.swift; path = RankingCalculatorTests.swift; sourceTree = "<group>"; };
		200000000000000000000020 /* LiftRank.app */ = {isa = PBXFileReference; explicitFileType = wrapper.application; includeInIndex = 0; path = LiftRank.app; sourceTree = BUILT_PRODUCTS_DIR; };
		200000000000000000000021 /* LiftRankTests.xctest */ = {isa = PBXFileReference; explicitFileType = wrapper.cfbundle; includeInIndex = 0; path = LiftRankTests.xctest; sourceTree = BUILT_PRODUCTS_DIR; };
		200000000000000000000022 /* Views/Previews.swift */ = {isa = PBXFileReference; lastKnownFileType = sourcecode.swift; path = Views/Previews.swift; sourceTree = "<group>"; };
		200000000000000000000023 /* Views/TrainingTrackerView.swift */ = {isa = PBXFileReference; lastKnownFileType = sourcecode.swift; path = Views/TrainingTrackerView.swift; sourceTree = "<group>"; };
		200000000000000000000024 /* MockData/PopularExerciseCatalog.swift */ = {isa = PBXFileReference; lastKnownFileType = sourcecode.swift; path = MockData/PopularExerciseCatalog.swift; sourceTree = "<group>"; };
		200000000000000000000025 /* Components/LeaderboardComponents.swift */ = {isa = PBXFileReference; lastKnownFileType = sourcecode.swift; path = Components/LeaderboardComponents.swift; sourceTree = "<group>"; };
		200000000000000000000026 /* Services/SupabaseMobileSync.swift */ = {isa = PBXFileReference; lastKnownFileType = sourcecode.swift; path = Services/SupabaseMobileSync.swift; sourceTree = "<group>"; };
/* End PBXFileReference section */

/* Begin PBXFrameworksBuildPhase section */
		400000000000000000000001 /* Frameworks */ = {
			isa = PBXFrameworksBuildPhase;
			buildActionMask = 2147483647;
			files = (
			);
			runOnlyForDeploymentPostprocessing = 0;
		};
		400000000000000000000002 /* Frameworks */ = {
			isa = PBXFrameworksBuildPhase;
			buildActionMask = 2147483647;
			files = (
			);
			runOnlyForDeploymentPostprocessing = 0;
		};
/* End PBXFrameworksBuildPhase section */

/* Begin PBXGroup section */
		500000000000000000000001 = {
			isa = PBXGroup;
			children = (
				500000000000000000000002 /* LiftRankApp */,
				500000000000000000000003 /* LiftRankTests */,
				500000000000000000000004 /* Products */,
			);
			sourceTree = "<group>";
		};
		500000000000000000000002 /* LiftRankApp */ = {
			isa = PBXGroup;
			children = (
				200000000000000000000001 /* LiftRankApp.swift */,
				200000000000000000000002 /* Models/DomainModels.swift */,
				200000000000000000000003 /* Utilities/RankingCalculator.swift */,
				200000000000000000000004 /* MockData/MockData.swift */,
				200000000000000000000005 /* Services/ServiceProtocols.swift */,
				200000000000000000000006 /* Services/MockServices.swift */,
				200000000000000000000026 /* Services/SupabaseMobileSync.swift */,
				200000000000000000000007 /* Repositories/DemoRepository.swift */,
				200000000000000000000008 /* ViewModels/AppViewModels.swift */,
				200000000000000000000009 /* Components/UIComponents.swift */,
				200000000000000000000025 /* Components/LeaderboardComponents.swift */,
				200000000000000000000010 /* Views/MainTabView.swift */,
				200000000000000000000011 /* Views/OnboardingView.swift */,
				200000000000000000000012 /* Views/HomeView.swift */,
				200000000000000000000013 /* Views/SubmitLiftView.swift */,
				200000000000000000000014 /* Views/LeaderboardsView.swift */,
				200000000000000000000015 /* Views/CommunityView.swift */,
				200000000000000000000016 /* Views/ProfileView.swift */,
				200000000000000000000017 /* Views/ModeratorReviewView.swift */,
				200000000000000000000018 /* Views/SettingsView.swift */,
				200000000000000000000022 /* Views/Previews.swift */,
				200000000000000000000023 /* Views/TrainingTrackerView.swift */,
				200000000000000000000024 /* MockData/PopularExerciseCatalog.swift */,
			);
			path = LiftRankApp;
			sourceTree = "<group>";
		};
		500000000000000000000003 /* LiftRankTests */ = {
			isa = PBXGroup;
			children = (
				200000000000000000000019 /* RankingCalculatorTests.swift */,
			);
			path = LiftRankTests;
			sourceTree = "<group>";
		};
		500000000000000000000004 /* Products */ = {
			isa = PBXGroup;
			children = (
				200000000000000000000020 /* LiftRank.app */,
				200000000000000000000021 /* LiftRankTests.xctest */,
			);
			name = Products;
			sourceTree = "<group>";
		};
/* End PBXGroup section */

/* Begin PBXNativeTarget section */
		700000000000000000000001 /* LiftRank */ = {
			isa = PBXNativeTarget;
			buildConfigurationList = 800000000000000000000002 /* Build configuration list for PBXNativeTarget "LiftRank" */;
			buildPhases = (
				600000000000000000000001 /* Sources */,
				400000000000000000000001 /* Frameworks */,
				600000000000000000000002 /* Resources */,
			);
			buildRules = (
			);
			dependencies = (
			);
			name = LiftRank;
			productName = LiftRank;
			productReference = 200000000000000000000020 /* LiftRank.app */;
			productType = "com.apple.product-type.application";
		};
		700000000000000000000002 /* LiftRankTests */ = {
			isa = PBXNativeTarget;
			buildConfigurationList = 800000000000000000000003 /* Build configuration list for PBXNativeTarget "LiftRankTests" */;
			buildPhases = (
				600000000000000000000003 /* Sources */,
				400000000000000000000002 /* Frameworks */,
				600000000000000000000004 /* Resources */,
			);
			buildRules = (
			);
			dependencies = (
				300000000000000000000002 /* PBXTargetDependency */,
			);
			name = LiftRankTests;
			productName = LiftRankTests;
			productReference = 200000000000000000000021 /* LiftRankTests.xctest */;
			productType = "com.apple.product-type.bundle.unit-test";
		};
/* End PBXNativeTarget section */

/* Begin PBXProject section */
		900000000000000000000001 /* Project object */ = {
			isa = PBXProject;
			attributes = {
				BuildIndependentTargetsInParallel = 1;
				LastSwiftUpdateCheck = 2600;
				LastUpgradeCheck = 2600;
				TargetAttributes = {
					700000000000000000000001 = {
						CreatedOnToolsVersion = 26.0;
					};
					700000000000000000000002 = {
						CreatedOnToolsVersion = 26.0;
						TestTargetID = 700000000000000000000001;
					};
				};
			};
			buildConfigurationList = 800000000000000000000001 /* Build configuration list for PBXProject "LiftRank" */;
			compatibilityVersion = "Xcode 15.0";
			developmentRegion = en;
			hasScannedForEncodings = 0;
			knownRegions = (
				en,
				Base,
			);
			mainGroup = 500000000000000000000001;
			productRefGroup = 500000000000000000000004 /* Products */;
			projectDirPath = "";
			projectRoot = "";
			targets = (
				700000000000000000000001 /* LiftRank */,
				700000000000000000000002 /* LiftRankTests */,
			);
		};
/* End PBXProject section */

/* Begin PBXResourcesBuildPhase section */
		600000000000000000000002 /* Resources */ = {
			isa = PBXResourcesBuildPhase;
			buildActionMask = 2147483647;
			files = (
			);
			runOnlyForDeploymentPostprocessing = 0;
		};
		600000000000000000000004 /* Resources */ = {
			isa = PBXResourcesBuildPhase;
			buildActionMask = 2147483647;
			files = (
			);
			runOnlyForDeploymentPostprocessing = 0;
		};
/* End PBXResourcesBuildPhase section */

/* Begin PBXSourcesBuildPhase section */
		600000000000000000000001 /* Sources */ = {
			isa = PBXSourcesBuildPhase;
			buildActionMask = 2147483647;
			files = (
				100000000000000000000001 /* LiftRankApp.swift in Sources */,
				100000000000000000000002 /* Models/DomainModels.swift in Sources */,
				100000000000000000000003 /* Utilities/RankingCalculator.swift in Sources */,
				100000000000000000000004 /* MockData/MockData.swift in Sources */,
				100000000000000000000005 /* Services/ServiceProtocols.swift in Sources */,
				100000000000000000000006 /* Services/MockServices.swift in Sources */,
				100000000000000000000024 /* Services/SupabaseMobileSync.swift in Sources */,
				100000000000000000000007 /* Repositories/DemoRepository.swift in Sources */,
				100000000000000000000008 /* ViewModels/AppViewModels.swift in Sources */,
				100000000000000000000009 /* Components/UIComponents.swift in Sources */,
				100000000000000000000023 /* Components/LeaderboardComponents.swift in Sources */,
				100000000000000000000010 /* Views/MainTabView.swift in Sources */,
				100000000000000000000011 /* Views/OnboardingView.swift in Sources */,
				100000000000000000000012 /* Views/HomeView.swift in Sources */,
				100000000000000000000013 /* Views/SubmitLiftView.swift in Sources */,
				100000000000000000000014 /* Views/LeaderboardsView.swift in Sources */,
				100000000000000000000015 /* Views/CommunityView.swift in Sources */,
				100000000000000000000016 /* Views/ProfileView.swift in Sources */,
				100000000000000000000017 /* Views/ModeratorReviewView.swift in Sources */,
				100000000000000000000018 /* Views/SettingsView.swift in Sources */,
				100000000000000000000020 /* Views/Previews.swift in Sources */,
				100000000000000000000021 /* Views/TrainingTrackerView.swift in Sources */,
				100000000000000000000022 /* MockData/PopularExerciseCatalog.swift in Sources */,
			);
			runOnlyForDeploymentPostprocessing = 0;
		};
		600000000000000000000003 /* Sources */ = {
			isa = PBXSourcesBuildPhase;
			buildActionMask = 2147483647;
			files = (
				100000000000000000000019 /* RankingCalculatorTests.swift in Sources */,
			);
			runOnlyForDeploymentPostprocessing = 0;
		};
/* End PBXSourcesBuildPhase section */

/* Begin PBXTargetDependency section */
		300000000000000000000002 /* PBXTargetDependency */ = {
			isa = PBXTargetDependency;
			target = 700000000000000000000001 /* LiftRank */;
			targetProxy = 300000000000000000000001 /* PBXContainerItemProxy */;
		};
/* End PBXTargetDependency section */

/* Begin XCBuildConfiguration section */
		810000000000000000000001 /* Debug */ = {
			isa = XCBuildConfiguration;
			buildSettings = {
				ALWAYS_SEARCH_USER_PATHS = NO;
				CLANG_ANALYZER_NONNULL = YES;
				CLANG_ANALYZER_NUMBER_OBJECT_CONVERSION = YES_AGGRESSIVE;
				CLANG_CXX_LANGUAGE_STANDARD = "gnu++20";
				CLANG_ENABLE_MODULES = YES;
				CLANG_ENABLE_OBJC_ARC = YES;
				CLANG_ENABLE_OBJC_WEAK = YES;
				CLANG_WARN_BLOCK_CAPTURE_AUTORELEASING = YES;
				CLANG_WARN_BOOL_CONVERSION = YES;
				CLANG_WARN_COMMA = YES;
				CLANG_WARN_CONSTANT_CONVERSION = YES;
				CLANG_WARN_DEPRECATED_OBJC_IMPLEMENTATIONS = YES;
				CLANG_WARN_DIRECT_OBJC_ISA_USAGE = YES_ERROR;
				CLANG_WARN_DOCUMENTATION_COMMENTS = YES;
				CLANG_WARN_EMPTY_BODY = YES;
				CLANG_WARN_ENUM_CONVERSION = YES;
				CLANG_WARN_INFINITE_RECURSION = YES;
				CLANG_WARN_INT_CONVERSION = YES;
				CLANG_WARN_NON_LITERAL_NULL_CONVERSION = YES;
				CLANG_WARN_OBJC_IMPLICIT_RETAIN_SELF = YES;
				CLANG_WARN_OBJC_LITERAL_CONVERSION = YES;
				CLANG_WARN_OBJC_ROOT_CLASS = YES_ERROR;
				CLANG_WARN_QUOTED_INCLUDE_IN_FRAMEWORK_HEADER = YES;
				CLANG_WARN_RANGE_LOOP_ANALYSIS = YES;
				CLANG_WARN_STRICT_PROTOTYPES = YES;
				CLANG_WARN_SUSPICIOUS_MOVE = YES;
				CLANG_WARN_UNGUARDED_AVAILABILITY = YES_AGGRESSIVE;
				CLANG_WARN_UNREACHABLE_CODE = YES;
				CLANG_WARN__DUPLICATE_METHOD_MATCH = YES;
				COPY_PHASE_STRIP = NO;
				DEBUG_INFORMATION_FORMAT = dwarf;
				ENABLE_STRICT_OBJC_MSGSEND = YES;
				ENABLE_TESTABILITY = YES;
				ENABLE_USER_SCRIPT_SANDBOXING = YES;
				GCC_C_LANGUAGE_STANDARD = gnu17;
				GCC_DYNAMIC_NO_PIC = NO;
				GCC_NO_COMMON_BLOCKS = YES;
				GCC_OPTIMIZATION_LEVEL = 0;
				GCC_PREPROCESSOR_DEFINITIONS = (
					"DEBUG=1",
					"$(inherited)",
				);
				GCC_WARN_64_TO_32_BIT_CONVERSION = YES;
				GCC_WARN_ABOUT_RETURN_TYPE = YES_ERROR;
				GCC_WARN_UNDECLARED_SELECTOR = YES;
				GCC_WARN_UNINITIALIZED_AUTOS = YES_AGGRESSIVE;
				GCC_WARN_UNUSED_FUNCTION = YES;
				GCC_WARN_UNUSED_VARIABLE = YES;
				IPHONEOS_DEPLOYMENT_TARGET = 17.0;
				MTL_ENABLE_DEBUG_INFO = INCLUDE_SOURCE;
				MTL_FAST_MATH = YES;
				ONLY_ACTIVE_ARCH = YES;
				SDKROOT = iphoneos;
				SWIFT_ACTIVE_COMPILATION_CONDITIONS = DEBUG;
				SWIFT_OPTIMIZATION_LEVEL = "-Onone";
			};
			name = Debug;
		};
		810000000000000000000002 /* Release */ = {
			isa = XCBuildConfiguration;
			buildSettings = {
				ALWAYS_SEARCH_USER_PATHS = NO;
				CLANG_ANALYZER_NONNULL = YES;
				CLANG_ANALYZER_NUMBER_OBJECT_CONVERSION = YES_AGGRESSIVE;
				CLANG_CXX_LANGUAGE_STANDARD = "gnu++20";
				CLANG_ENABLE_MODULES = YES;
				CLANG_ENABLE_OBJC_ARC = YES;
				CLANG_ENABLE_OBJC_WEAK = YES;
				CLANG_WARN_BLOCK_CAPTURE_AUTORELEASING = YES;
				CLANG_WARN_BOOL_CONVERSION = YES;
				CLANG_WARN_COMMA = YES;
				CLANG_WARN_CONSTANT_CONVERSION = YES;
				CLANG_WARN_DEPRECATED_OBJC_IMPLEMENTATIONS = YES;
				CLANG_WARN_DIRECT_OBJC_ISA_USAGE = YES_ERROR;
				CLANG_WARN_DOCUMENTATION_COMMENTS = YES;
				CLANG_WARN_EMPTY_BODY = YES;
				CLANG_WARN_ENUM_CONVERSION = YES;
				CLANG_WARN_INFINITE_RECURSION = YES;
				CLANG_WARN_INT_CONVERSION = YES;
				CLANG_WARN_NON_LITERAL_NULL_CONVERSION = YES;
				CLANG_WARN_OBJC_IMPLICIT_RETAIN_SELF = YES;
				CLANG_WARN_OBJC_LITERAL_CONVERSION = YES;
				CLANG_WARN_OBJC_ROOT_CLASS = YES_ERROR;
				CLANG_WARN_QUOTED_INCLUDE_IN_FRAMEWORK_HEADER = YES;
				CLANG_WARN_RANGE_LOOP_ANALYSIS = YES;
				CLANG_WARN_STRICT_PROTOTYPES = YES;
				CLANG_WARN_SUSPICIOUS_MOVE = YES;
				CLANG_WARN_UNGUARDED_AVAILABILITY = YES_AGGRESSIVE;
				CLANG_WARN_UNREACHABLE_CODE = YES;
				CLANG_WARN__DUPLICATE_METHOD_MATCH = YES;
				COPY_PHASE_STRIP = NO;
				DEBUG_INFORMATION_FORMAT = "dwarf-with-dsym";
				ENABLE_NS_ASSERTIONS = NO;
				ENABLE_STRICT_OBJC_MSGSEND = YES;
				ENABLE_USER_SCRIPT_SANDBOXING = YES;
				GCC_C_LANGUAGE_STANDARD = gnu17;
				GCC_NO_COMMON_BLOCKS = YES;
				GCC_WARN_64_TO_32_BIT_CONVERSION = YES;
				GCC_WARN_ABOUT_RETURN_TYPE = YES_ERROR;
				GCC_WARN_UNDECLARED_SELECTOR = YES;
				GCC_WARN_UNINITIALIZED_AUTOS = YES_AGGRESSIVE;
				GCC_WARN_UNUSED_FUNCTION = YES;
				GCC_WARN_UNUSED_VARIABLE = YES;
				IPHONEOS_DEPLOYMENT_TARGET = 17.0;
				MTL_ENABLE_DEBUG_INFO = NO;
				MTL_FAST_MATH = YES;
				SDKROOT = iphoneos;
				SWIFT_COMPILATION_MODE = wholemodule;
				VALIDATE_PRODUCT = YES;
			};
			name = Release;
		};
		810000000000000000000003 /* Debug */ = {
			isa = XCBuildConfiguration;
			buildSettings = {
				ASSETCATALOG_COMPILER_GLOBAL_ACCENT_COLOR_NAME = AccentColor;
				CODE_SIGN_STYLE = Automatic;
				CURRENT_PROJECT_VERSION = 1;
				DEVELOPMENT_ASSET_PATHS = "";
				DEVELOPMENT_TEAM = 32TGWTQNP8;
				ENABLE_PREVIEWS = YES;
				GENERATE_INFOPLIST_FILE = YES;
				INFOPLIST_KEY_NSCameraUsageDescription = "LiftRank can record lift videos for verification.";
				INFOPLIST_KEY_NSPhotoLibraryUsageDescription = "LiftRank lets you choose lift videos for verification.";
				INFOPLIST_KEY_UIApplicationSceneManifest_Generation = YES;
				INFOPLIST_KEY_UIApplicationSupportsIndirectInputEvents = YES;
				INFOPLIST_KEY_UILaunchScreen_Generation = YES;
				INFOPLIST_KEY_UISupportedInterfaceOrientations_iPhone = "UIInterfaceOrientationPortrait UIInterfaceOrientationLandscapeLeft UIInterfaceOrientationLandscapeRight";
				IPHONEOS_DEPLOYMENT_TARGET = 17.0;
				LD_RUNPATH_SEARCH_PATHS = (
					"$(inherited)",
					"@executable_path/Frameworks",
				);
				MARKETING_VERSION = 1.0;
				PRODUCT_BUNDLE_IDENTIFIER = com.liftrank.prototype;
				PRODUCT_NAME = LiftRank;
				SUPPORTED_PLATFORMS = "iphoneos iphonesimulator";
				SWIFT_VERSION = 5.0;
				TARGETED_DEVICE_FAMILY = 1;
			};
			name = Debug;
		};
		810000000000000000000004 /* Release */ = {
			isa = XCBuildConfiguration;
			buildSettings = {
				ASSETCATALOG_COMPILER_GLOBAL_ACCENT_COLOR_NAME = AccentColor;
				CODE_SIGN_STYLE = Automatic;
				CURRENT_PROJECT_VERSION = 1;
				DEVELOPMENT_ASSET_PATHS = "";
				DEVELOPMENT_TEAM = 32TGWTQNP8;
				ENABLE_PREVIEWS = YES;
				GENERATE_INFOPLIST_FILE = YES;
				INFOPLIST_KEY_NSCameraUsageDescription = "LiftRank can record lift videos for verification.";
				INFOPLIST_KEY_NSPhotoLibraryUsageDescription = "LiftRank lets you choose lift videos for verification.";
				INFOPLIST_KEY_UIApplicationSceneManifest_Generation = YES;
				INFOPLIST_KEY_UIApplicationSupportsIndirectInputEvents = YES;
				INFOPLIST_KEY_UILaunchScreen_Generation = YES;
				INFOPLIST_KEY_UISupportedInterfaceOrientations_iPhone = "UIInterfaceOrientationPortrait UIInterfaceOrientationLandscapeLeft UIInterfaceOrientationLandscapeRight";
				IPHONEOS_DEPLOYMENT_TARGET = 17.0;
				LD_RUNPATH_SEARCH_PATHS = (
					"$(inherited)",
					"@executable_path/Frameworks",
				);
				MARKETING_VERSION = 1.0;
				PRODUCT_BUNDLE_IDENTIFIER = com.liftrank.prototype;
				PRODUCT_NAME = LiftRank;
				SUPPORTED_PLATFORMS = "iphoneos iphonesimulator";
				SWIFT_VERSION = 5.0;
				TARGETED_DEVICE_FAMILY = 1;
			};
			name = Release;
		};
		810000000000000000000005 /* Debug */ = {
			isa = XCBuildConfiguration;
			buildSettings = {
				BUNDLE_LOADER = "$(TEST_HOST)";
				CODE_SIGN_STYLE = Automatic;
				CURRENT_PROJECT_VERSION = 1;
				GENERATE_INFOPLIST_FILE = YES;
				IPHONEOS_DEPLOYMENT_TARGET = 17.0;
				LD_RUNPATH_SEARCH_PATHS = (
					"$(inherited)",
					"@executable_path/Frameworks",
					"@loader_path/Frameworks",
				);
				MARKETING_VERSION = 1.0;
				PRODUCT_BUNDLE_IDENTIFIER = com.liftrank.prototype.tests;
				PRODUCT_NAME = "$(TARGET_NAME)";
				SUPPORTED_PLATFORMS = "iphoneos iphonesimulator";
				SWIFT_VERSION = 5.0;
				TARGETED_DEVICE_FAMILY = 1;
				TEST_HOST = "$(BUILT_PRODUCTS_DIR)/LiftRank.app/LiftRank";
			};
			name = Debug;
		};
		810000000000000000000006 /* Release */ = {
			isa = XCBuildConfiguration;
			buildSettings = {
				BUNDLE_LOADER = "$(TEST_HOST)";
				CODE_SIGN_STYLE = Automatic;
				CURRENT_PROJECT_VERSION = 1;
				GENERATE_INFOPLIST_FILE = YES;
				IPHONEOS_DEPLOYMENT_TARGET = 17.0;
				LD_RUNPATH_SEARCH_PATHS = (
					"$(inherited)",
					"@executable_path/Frameworks",
					"@loader_path/Frameworks",
				);
				MARKETING_VERSION = 1.0;
				PRODUCT_BUNDLE_IDENTIFIER = com.liftrank.prototype.tests;
				PRODUCT_NAME = "$(TARGET_NAME)";
				SUPPORTED_PLATFORMS = "iphoneos iphonesimulator";
				SWIFT_VERSION = 5.0;
				TARGETED_DEVICE_FAMILY = 1;
				TEST_HOST = "$(BUILT_PRODUCTS_DIR)/LiftRank.app/LiftRank";
			};
			name = Release;
		};
/* End XCBuildConfiguration section */

/* Begin XCConfigurationList section */
		800000000000000000000001 /* Build configuration list for PBXProject "LiftRank" */ = {
			isa = XCConfigurationList;
			buildConfigurations = (
				810000000000000000000001 /* Debug */,
				810000000000000000000002 /* Release */,
			);
			defaultConfigurationIsVisible = 0;
			defaultConfigurationName = Release;
		};
		800000000000000000000002 /* Build configuration list for PBXNativeTarget "LiftRank" */ = {
			isa = XCConfigurationList;
			buildConfigurations = (
				810000000000000000000003 /* Debug */,
				810000000000000000000004 /* Release */,
			);
			defaultConfigurationIsVisible = 0;
			defaultConfigurationName = Release;
		};
		800000000000000000000003 /* Build configuration list for PBXNativeTarget "LiftRankTests" */ = {
			isa = XCConfigurationList;
			buildConfigurations = (
				810000000000000000000005 /* Debug */,
				810000000000000000000006 /* Release */,
			);
			defaultConfigurationIsVisible = 0;
			defaultConfigurationName = Release;
		};
/* End XCConfigurationList section */
	};
	rootObject = 900000000000000000000001 /* Project object */;
}
